// !$*UTF8*$!
{
	archiveVersion = 1;
	classes = {
	};
	objectVersion = 46;
	objects = {

/* Begin PBXAggregateTarget section */
		74EE766E1B05F516C4558FF4 /* Tutorial_1 - All */ = {
			isa = PBXAggregateTarget;
			buildConfigurationList = 98F72730AD8BC3CE73A2A764;
			buildPhases = (
			);
			dependencies = (
				8B90E577DC03771D2E294DC9,
				FFCB6F7F111AEA40C3C71FFB,
				6FBA1DF3A5169E06DB6ED24F,
				3D9C790356E3035CCE34E092,
			);
			name = "Tutorial_1 - All";
			productName = Tutorial_1;
		};
/* End PBXAggregateTarget section */

/* Begin PBXBuildFile section */
		020411A3F1F5BA71F5EF7813 /* include_juce_graphics.mm */ = {isa = PBXBuildFile; fileRef = 23317D95861CF0A390326938; };
		0568F193975A01831AD3066A /* DiscRecording.framework */ = {isa = PBXBuildFile; fileRef = 0A651C9DE0CA39D10B48D47B; };
		101F962FDFE66DD7C6F9A188 /* AU */ = {isa = PBXBuildFile; fileRef = FCE87195BD3D00491F375EFC; };
		133DF95D1E7E3D2E740BD287 /* include_juce_audio_plugin_client_Standalone.cpp */ = {isa = PBXBuildFile; fileRef = 9E6E093022811A58690075C4; };
		16DB284E3A6BD680E8F4AEBF /* PluginEditor.cpp */ = {isa = PBXBuildFile; fileRef = 8CE7FAF86DA14E5AE02DA8F6; };
		18C01A49A8772F177F964D26 /* include_juce_audio_plugin_client_VST_utils.mm */ = {isa = PBXBuildFile; fileRef = 360DF97613D3D848FB412EAF; };
		1BCFF3284D5283C7D793BE19 /* include_juce_gui_extra.mm */ = {isa = PBXBuildFile; fileRef = C958D1789CE9F512879447C7; };
		1F1BAFD529C9312A33068252 /* Cocoa.framework */ = {isa = PBXBuildFile; fileRef = 06F57B44E5DD408F18E826B5; };
		22717A22D5A4BF42C8D65804 /* include_juce_events.mm */ = {isa = PBXBuildFile; fileRef = 6DF2EABF79DFDFD99A6620A8; };
		284FA84C518DE80F2DB64D86 /* include_juce_data_structures.mm */ = {isa = PBXBuildFile; fileRef = 1E85EBE43BFBE20F671D0EEB; };
		28F5EF57B3B1BCF286198857 /* include_juce_audio_processors.mm */ = {isa = PBXBuildFile; fileRef = CBE8F7480DFFC01150EA980D; };
		330D62D391018D00B8D41300 /* Foundation.framework */ = {isa = PBXBuildFile; fileRef = 09CF5BCF1C9091539016EAAB; };
		3FF8431172128F4D6E144E5F /* include_juce_audio_utils.mm */ = {isa = PBXBuildFile; fileRef = 9A3BC5D3391CD3420C34087A; };
		41D793BB93BA28802777C61D /* AudioToolbox.framework */ = {isa = PBXBuildFile; fileRef = 2005FF2D3A8007AB13FBB7F9; };
		4778685D4C70C096D708EA4E /* include_juce_audio_plugin_client_AU_1.mm */ = {isa = PBXBuildFile; fileRef = 30C595DB945415FAED8F057A; };
		489B09560E94F7FFAF95854D /* include_juce_audio_plugin_client_AU_2.mm */ = {isa = PBXBuildFile; fileRef = 77ECBB83A930B180690DBAE3; };
		520DDA94F82C71C35C5C4713 /* IOKit.framework */ = {isa = PBXBuildFile; fileRef = B9277682786ECE31D169DE60; };
		608C0C9CE697B4D155566EE5 /* include_juce_audio_plugin_client_ARA.cpp */ = {isa = PBXBuildFile; fileRef = 449A87DA79123F09D5E4F764; };
		67291B614184E5EB8605FA4A /* AudioUnit.framework */ = {isa = PBXBuildFile; fileRef = D45488E7A4FBCF8B832272DC; };
		68E1EF75FC9FA6E6B277F380 /* include_juce_audio_processors_ara.cpp */ = {isa = PBXBuildFile; fileRef = 8435C47525D9F7901D8E8515; };
		6C867C670C3506658BC85173 /* include_juce_core.mm */ = {isa = PBXBuildFile; fileRef = A4A79267A10E33766E54B637; };
		6E104F11B6B14F95862CC9E2 /* CoreAudio.framework */ = {isa = PBXBuildFile; fileRef = 50C5B0C3B6921298770D12BE; };
		721DDE9099D8E82C6CA969AE /* include_juce_audio_basics.mm */ = {isa = PBXBuildFile; fileRef = 5FF86C57FF67010BC660FFA8; };
		8FD8810F7DEB28C5AAFDF26B /* WebKit.framework */ = {isa = PBXBuildFile; fileRef = BACBEC27F1D9793A3D21D35E; };
		916A2B6D399CD0BD3DD6BD23 /* include_juce_audio_plugin_client_utils.cpp */ = {isa = PBXBuildFile; fileRef = A8325CB7B11D4D83554A9DE1; };
		917B2C6BD1C2DE366ED23F19 /* QuartzCore.framework */ = {isa = PBXBuildFile; fileRef = 89C9D0D5D4CF0F7F9B82A1F0; };
		96B189D774CD4952131D1F41 /* include_juce_audio_devices.mm */ = {isa = PBXBuildFile; fileRef = DA2BDBD6EB05298AAAAE9204; };
		A583836D4F8318599403C919 /* VST3 */ = {isa = PBXBuildFile; fileRef = DDB8F7BC8053F996A3A9BEA5; };
		ABE4E58CB36B3DC5D462BF64 /* include_juce_audio_formats.mm */ = {isa = PBXBuildFile; fileRef = ABE85916AAB0A73DEEF19808; };
		B9F21815EDEA0E846D5D6794 /* Accelerate.framework */ = {isa = PBXBuildFile; fileRef = 8DB35C3717E6A9135F8A8B87; };
		C15179FC4F26BE29A97779F3 /* include_juce_gui_basics.mm */ = {isa = PBXBuildFile; fileRef = E43493CA44ED08877384FC92; };
		C3F7D7477BDB4D2B74B46328 /* Standalone Plugin */ = {isa = PBXBuildFile; fileRef = 665DAEFCC63954F8721FD87B; };
		C82EEC12583913A4C8CBDA14 /* RecentFilesMenuTemplate.nib */ = {isa = PBXBuildFile; fileRef = 6E9F7C8149F1CDB6950268D1; };
		CC638CAFFEA976BAA9A507E5 /* CoreMIDI.framework */ = {isa = PBXBuildFile; fileRef = 907C38DD297762B4635E450A; };
		DF4CEE23600D492F474E2E27 /* PluginProcessor.cpp */ = {isa = PBXBuildFile; fileRef = 27750B13E8BA80606AE956E6; };
		E1D6643A53DA8FF0FC57D994 /* include_juce_audio_plugin_client_VST3.cpp */ = {isa = PBXBuildFile; fileRef = 51C001A1792C33E7650F74DA; };
		E3910144567D3D04D73A2723 /* include_juce_audio_processors_lv2_libs.cpp */ = {isa = PBXBuildFile; fileRef = 84DDC018F5E800AB2BFD7415; };
		E74D7A67C54A49482834B2A3 /* Shared Code */ = {isa = PBXBuildFile; fileRef = 2A2577CD71D6AD68E8F4DE67; };
		EEFB4F093D19E8A79141E035 /* CoreAudioKit.framework */ = {isa = PBXBuildFile; fileRef = 6F2B20CC5D1504BF6080446B; };
/* End PBXBuildFile section */

/* Begin PBXFileReference section */
		06F57B44E5DD408F18E826B5 /* Cocoa.framework */ /* Cocoa.framework */ = {isa = PBXFileReference; lastKnownFileType = wrapper.framework; name = Cocoa.framework; path = System/Library/Frameworks/Cocoa.framework; sourceTree = SDKROOT; };
		09CF5BCF1C9091539016EAAB /* Foundation.framework */ /* Foundation.framework */ = {isa = PBXFileReference; lastKnownFileType = wrapper.framework; name = Foundation.framework; path = System/Library/Frameworks/Foundation.framework; sourceTree = SDKROOT; };
		0A651C9DE0CA39D10B48D47B /* DiscRecording.framework */ /* DiscRecording.framework */ = {isa = PBXFileReference; lastKnownFileType = wrapper.framework; name = DiscRecording.framework; path = System/Library/Frameworks/DiscRecording.framework; sourceTree = SDKROOT; };
		18CD7A872CE124855DBAA313 /* juce_audio_plugin_client */ /* juce_audio_plugin_client */ = {isa = PBXFileReference; lastKnownFileType = folder; name = juce_audio_plugin_client; path = "../../../../../../Downloads/JUCE-2/modules/juce_audio_plugin_client"; sourceTree = SOURCE_ROOT; };
		1BAC86DFD66012CDEF0960EC /* juce_audio_basics */ /* juce_audio_basics */ = {isa = PBXFileReference; lastKnownFileType = folder; name = juce_audio_basics; path = "../../../../../../Downloads/JUCE-2/modules/juce_audio_basics"; sourceTree = SOURCE_ROOT; };
		1E85EBE43BFBE20F671D0EEB /* include_juce_data_structures.mm */ /* include_juce_data_structures.mm */ = {isa = PBXFileReference; lastKnownFileType = sourcecode.cpp.objcpp; name = include_juce_data_structures.mm; path = ../../JuceLibraryCode/include_juce_data_structures.mm; sourceTree = SOURCE_ROOT; };
		2005FF2D3A8007AB13FBB7F9 /* AudioToolbox.framework */ /* AudioToolbox.framework */ = {isa = PBXFileReference; lastKnownFileType = wrapper.framework; name = AudioToolbox.framework; path = System/Library/Frameworks/AudioToolbox.framework; sourceTree = SDKROOT; };
		23317D95861CF0A390326938 /* include_juce_graphics.mm */ /* include_juce_graphics.mm */ = {isa = PBXFileReference; lastKnownFileType = sourcecode.cpp.objcpp; name = include_juce_graphics.mm; path = ../../JuceLibraryCode/include_juce_graphics.mm; sourceTree = SOURCE_ROOT; };
		27750B13E8BA80606AE956E6 /* PluginProcessor.cpp */ /* PluginProcessor.cpp */ = {isa = PBXFileReference; lastKnownFileType = sourcecode.cpp.cpp; name = PluginProcessor.cpp; path = ../../Source/PluginProcessor.cpp; sourceTree = SOURCE_ROOT; };
		2A2577CD71D6AD68E8F4DE67 /* Shared Code */ = {isa = PBXFileReference; explicitFileType = archive.ar; includeInIndex = 0; path = libTutorial_1.a; sourceTree = BUILT_PRODUCTS_DIR; };
		2F9766630879A67D17304D1F /* JuceHeader.h */ /* JuceHeader.h */ = {isa = PBXFileReference; lastKnownFileType = sourcecode.c.h; name = JuceHeader.h; path = ../../JuceLibraryCode/JuceHeader.h; sourceTree = SOURCE_ROOT; };
		30C595DB945415FAED8F057A /* include_juce_audio_plugin_client_AU_1.mm */ /* include_juce_audio_plugin_client_AU_1.mm */ = {isa = PBXFileReference; lastKnownFileType = sourcecode.cpp.objcpp; name = include_juce_audio_plugin_client_AU_1.mm; path = ../../JuceLibraryCode/include_juce_audio_plugin_client_AU_1.mm; sourceTree = SOURCE_ROOT; };
		3582324D06F7A2BDF5F385BC /* juce_graphics */ /* juce_graphics */ = {isa = PBXFileReference; lastKnownFileType = folder; name = juce_graphics; path = "../../../../../../Downloads/JUCE-2/modules/juce_graphics"; sourceTree = SOURCE_ROOT; };
		360DF97613D3D848FB412EAF /* include_juce_audio_plugin_client_VST_utils.mm */ /* include_juce_audio_plugin_client_VST_utils.mm */ = {isa = PBXFileReference; lastKnownFileType = sourcecode.cpp.objcpp; name = include_juce_audio_plugin_client_VST_utils.mm; path = ../../JuceLibraryCode/include_juce_audio_plugin_client_VST_utils.mm; sourceTree = SOURCE_ROOT; };
		449A87DA79123F09D5E4F764 /* include_juce_audio_plugin_client_ARA.cpp */ /* include_juce_audio_plugin_client_ARA.cpp */ = {isa = PBXFileReference; lastKnownFileType = sourcecode.cpp.cpp; name = include_juce_audio_plugin_client_ARA.cpp; path = ../../JuceLibraryCode/include_juce_audio_plugin_client_ARA.cpp; sourceTree = SOURCE_ROOT; };
		4675E4D787939DA471838558 /* juce_audio_utils */ /* juce_audio_utils */ = {isa = PBXFileReference; lastKnownFileType = folder; name = juce_audio_utils; path = "../../../../../../Downloads/JUCE-2/modules/juce_audio_utils"; sourceTree = SOURCE_ROOT; };
		4EA1FF7D7C08F4073BBC0232 /* Info-Standalone_Plugin.plist */ /* Info-Standalone_Plugin.plist */ = {isa = PBXFileReference; lastKnownFileType = text.plist.xml; name = "Info-Standalone_Plugin.plist"; path = "Info-Standalone_Plugin.plist"; sourceTree = SOURCE_ROOT; };
		50C5B0C3B6921298770D12BE /* CoreAudio.framework */ /* CoreAudio.framework */ = {isa = PBXFileReference; lastKnownFileType = wrapper.framework; name = CoreAudio.framework; path = System/Library/Frameworks/CoreAudio.framework; sourceTree = SDKROOT; };
		51C001A1792C33E7650F74DA /* include_juce_audio_plugin_client_VST3.cpp */ /* include_juce_audio_plugin_client_VST3.cpp */ = {isa = PBXFileReference; lastKnownFileType = sourcecode.cpp.cpp; name = include_juce_audio_plugin_client_VST3.cpp; path = ../../JuceLibraryCode/include_juce_audio_plugin_client_VST3.cpp; sourceTree = SOURCE_ROOT; };
		547C39FB43E691185D05D0F2 /* PluginProcessor.h */ /* PluginProcessor.h */ = {isa = PBXFileReference; lastKnownFileType = sourcecode.c.h; name = PluginProcessor.h; path = ../../Source/PluginProcessor.h; sourceTree = SOURCE_ROOT; };
		5BDA2AB45C4762164A9344D5 /* juce_gui_extra */ /* juce_gui_extra */ = {isa = PBXFileReference; lastKnownFileType = folder; name = juce_gui_extra; path = "../../../../../../Downloads/JUCE-2/modules/juce_gui_extra"; sourceTree = SOURCE_ROOT; };
		5EEEE78C85888AAEA39E8DD2 /* juce_events */ /* juce_events */ = {isa = PBXFileReference; lastKnownFileType = folder; name = juce_events; path = "../../../../../../Downloads/JUCE-2/modules/juce_events"; sourceTree = SOURCE_ROOT; };
		5FF86C57FF67010BC660FFA8 /* include_juce_audio_basics.mm */ /* include_juce_audio_basics.mm */ = {isa = PBXFileReference; lastKnownFileType = sourcecode.cpp.objcpp; name = include_juce_audio_basics.mm; path = ../../JuceLibraryCode/include_juce_audio_basics.mm; sourceTree = SOURCE_ROOT; };
		6376D8CCF4845815F4F75DDE /* PluginEditor.h */ /* PluginEditor.h */ = {isa = PBXFileReference; lastKnownFileType = sourcecode.c.h; name = PluginEditor.h; path = ../../Source/PluginEditor.h; sourceTree = SOURCE_ROOT; };
		665DAEFCC63954F8721FD87B /* Standalone Plugin */ = {isa = PBXFileReference; explicitFileType = wrapper.application; includeInIndex = 0; path = Tutorial_1.app; sourceTree = BUILT_PRODUCTS_DIR; };
		6DF2EABF79DFDFD99A6620A8 /* include_juce_events.mm */ /* include_juce_events.mm */ = {isa = PBXFileReference; lastKnownFileType = sourcecode.cpp.objcpp; name = include_juce_events.mm; path = ../../JuceLibraryCode/include_juce_events.mm; sourceTree = SOURCE_ROOT; };
		6E9F7C8149F1CDB6950268D1 /* RecentFilesMenuTemplate.nib */ /* RecentFilesMenuTemplate.nib */ = {isa = PBXFileReference; lastKnownFileType = file.nib; name = RecentFilesMenuTemplate.nib; path = RecentFilesMenuTemplate.nib; sourceTree = SOURCE_ROOT; };
		6F2B20CC5D1504BF6080446B /* CoreAudioKit.framework */ /* CoreAudioKit.framework */ = {isa = PBXFileReference; lastKnownFileType = wrapper.framework; name = CoreAudioKit.framework; path = System/Library/Frameworks/CoreAudioKit.framework; sourceTree = SDKROOT; };
		77ECBB83A930B180690DBAE3 /* include_juce_audio_plugin_client_AU_2.mm */ /* include_juce_audio_plugin_client_AU_2.mm */ = {isa = PBXFileReference; lastKnownFileType = sourcecode.cpp.objcpp; name = include_juce_audio_plugin_client_AU_2.mm; path = ../../JuceLibraryCode/include_juce_audio_plugin_client_AU_2.mm; sourceTree = SOURCE_ROOT; };
		7D30E68894E3D3FFA69BFF02 /* juce_audio_processors */ /* juce_audio_processors */ = {isa = PBXFileReference; lastKnownFileType = folder; name = juce_audio_processors; path = "../../../../../../Downloads/JUCE-2/modules/juce_audio_processors"; sourceTree = SOURCE_ROOT; };
		8435C47525D9F7901D8E8515 /* include_juce_audio_processors_ara.cpp */ /* include_juce_audio_processors_ara.cpp */ = {isa = PBXFileReference; lastKnownFileType = sourcecode.cpp.cpp; name = include_juce_audio_processors_ara.cpp; path = ../../JuceLibraryCode/include_juce_audio_processors_ara.cpp; sourceTree = SOURCE_ROOT; };
		84DDC018F5E800AB2BFD7415 /* include_juce_audio_processors_lv2_libs.cpp */ /* include_juce_audio_processors_lv2_libs.cpp */ = {isa = PBXFileReference; lastKnownFileType = sourcecode.cpp.cpp; name = include_juce_audio_processors_lv2_libs.cpp; path = ../../JuceLibraryCode/include_juce_audio_processors_lv2_libs.cpp; sourceTree = SOURCE_ROOT; };
		89C9D0D5D4CF0F7F9B82A1F0 /* QuartzCore.framework */ /* QuartzCore.framework */ = {isa = PBXFileReference; lastKnownFileType = wrapper.framework; name = QuartzCore.framework; path = System/Library/Frameworks/QuartzCore.framework; sourceTree = SDKROOT; };
		8CE7FAF86DA14E5AE02DA8F6 /* PluginEditor.cpp */ /* PluginEditor.cpp */ = {isa = PBXFileReference; lastKnownFileType = sourcecode.cpp.cpp; name = PluginEditor.cpp; path = ../../Source/PluginEditor.cpp; sourceTree = SOURCE_ROOT; };
		8DB35C3717E6A9135F8A8B87 /* Accelerate.framework */ /* Accelerate.framework */ = {isa = PBXFileReference; lastKnownFileType = wrapper.framework; name = Accelerate.framework; path = System/Library/Frameworks/Accelerate.framework; sourceTree = SDKROOT; };
		907C38DD297762B4635E450A /* CoreMIDI.framework */ /* CoreMIDI.framework */ = {isa = PBXFileReference; lastKnownFileType = wrapper.framework; name = CoreMIDI.framework; path = System/Library/Frameworks/CoreMIDI.framework; sourceTree = SDKROOT; };
		969AF1692B81694AA09757AA /* juce_gui_basics */ /* juce_gui_basics */ = {isa = PBXFileReference; lastKnownFileType = folder; name = juce_gui_basics; path = "../../../../../../Downloads/JUCE-2/modules/juce_gui_basics"; sourceTree = SOURCE_ROOT; };
		9A3BC5D3391CD3420C34087A /* include_juce_audio_utils.mm */ /* include_juce_audio_utils.mm */ = {isa = PBXFileReference; lastKnownFileType = sourcecode.cpp.objcpp; name = include_juce_audio_utils.mm; path = ../../JuceLibraryCode/include_juce_audio_utils.mm; sourceTree = SOURCE_ROOT; };
		9DFB6D265375F5F2BCD597CA /* juce_core */ /* juce_core */ = {isa = PBXFileReference; lastKnownFileType = folder; name = juce_core; path = "../../../../../../Downloads/JUCE-2/modules/juce_core"; sourceTree = SOURCE_ROOT; };
		9E6E093022811A58690075C4 /* include_juce_audio_plugin_client_Standalone.cpp */ /* include_juce_audio_plugin_client_Standalone.cpp */ = {isa = PBXFileReference; lastKnownFileType = sourcecode.cpp.cpp; name = include_juce_audio_plugin_client_Standalone.cpp; path = ../../JuceLibraryCode/include_juce_audio_plugin_client_Standalone.cpp; sourceTree = SOURCE_ROOT; };
		A4A79267A10E33766E54B637 /* include_juce_core.mm */ /* include_juce_core.mm */ = {isa = PBXFileReference; lastKnownFileType = sourcecode.cpp.objcpp; name = include_juce_core.mm; path = ../../JuceLibraryCode/include_juce_core.mm; sourceTree = SOURCE_ROOT; };
		A8325CB7B11D4D83554A9DE1 /* include_juce_audio_plugin_client_utils.cpp */ /* include_juce_audio_plugin_client_utils.cpp */ = {isa = PBXFileReference; lastKnownFileType = sourcecode.cpp.cpp; name = include_juce_audio_plugin_client_utils.cpp; path = ../../JuceLibraryCode/include_juce_audio_plugin_client_utils.cpp; sourceTree = SOURCE_ROOT; };
		A92D61131262F084BDE866F8 /* juce_audio_formats */ /* juce_audio_formats */ = {isa = PBXFileReference; lastKnownFileType = folder; name = juce_audio_formats; path = "../../../../../../Downloads/JUCE-2/modules/juce_audio_formats"; sourceTree = SOURCE_ROOT; };
		ABE85916AAB0A73DEEF19808 /* include_juce_audio_formats.mm */ /* include_juce_audio_formats.mm */ = {isa = PBXFileReference; lastKnownFileType = sourcecode.cpp.objcpp; name = include_juce_audio_formats.mm; path = ../../JuceLibraryCode/include_juce_audio_formats.mm; sourceTree = SOURCE_ROOT; };
		B9277682786ECE31D169DE60 /* IOKit.framework */ /* IOKit.framework */ = {isa = PBXFileReference; lastKnownFileType = wrapper.framework; name = IOKit.framework; path = System/Library/Frameworks/IOKit.framework; sourceTree = SDKROOT; };
		BACBEC27F1D9793A3D21D35E /* WebKit.framework */ /* WebKit.framework */ = {isa = PBXFileReference; lastKnownFileType = wrapper.framework; name = WebKit.framework; path = System/Library/Frameworks/WebKit.framework; sourceTree = SDKROOT; };
		C7FA2D82DAB19F7ED58E15D5 /* juce_audio_devices */ /* juce_audio_devices */ = {isa = PBXFileReference; lastKnownFileType = folder; name = juce_audio_devices; path = "../../../../../../Downloads/JUCE-2/modules/juce_audio_devices"; sourceTree = SOURCE_ROOT; };
		C958D1789CE9F512879447C7 /* include_juce_gui_extra.mm */ /* include_juce_gui_extra.mm */ = {isa = PBXFileReference; lastKnownFileType = sourcecode.cpp.objcpp; name = include_juce_gui_extra.mm; path = ../../JuceLibraryCode/include_juce_gui_extra.mm; sourceTree = SOURCE_ROOT; };
		CBE8F7480DFFC01150EA980D /* include_juce_audio_processors.mm */ /* include_juce_audio_processors.mm */ = {isa = PBXFileReference; lastKnownFileType = sourcecode.cpp.objcpp; name = include_juce_audio_processors.mm; path = ../../JuceLibraryCode/include_juce_audio_processors.mm; sourceTree = SOURCE_ROOT; };
		D45488E7A4FBCF8B832272DC /* AudioUnit.framework */ /* AudioUnit.framework */ = {isa = PBXFileReference; lastKnownFileType = wrapper.framework; name = AudioUnit.framework; path = System/Library/Frameworks/AudioUnit.framework; sourceTree = SDKROOT; };
		D99148CC3E0FBEC21BFE33FC /* Info-AU.plist */ /* Info-AU.plist */ = {isa = PBXFileReference; lastKnownFileType = text.plist.xml; name = "Info-AU.plist"; path = "Info-AU.plist"; sourceTree = SOURCE_ROOT; };
		DA2BDBD6EB05298AAAAE9204 /* include_juce_audio_devices.mm */ /* include_juce_audio_devices.mm */ = {isa = PBXFileReference; lastKnownFileType = sourcecode.cpp.objcpp; name = include_juce_audio_devices.mm; path = ../../JuceLibraryCode/include_juce_audio_devices.mm; sourceTree = SOURCE_ROOT; };
		DB4DE5E491C480954C548150 /* juce_data_structures */ /* juce_data_structures */ = {isa = PBXFileReference; lastKnownFileType = folder; name = juce_data_structures; path = "../../../../../../Downloads/JUCE-2/modules/juce_data_structures"; sourceTree = SOURCE_ROOT; };
		DDB8F7BC8053F996A3A9BEA5 /* VST3 */ = {isa = PBXFileReference; explicitFileType = wrapper.cfbundle; includeInIndex = 0; path = Tutorial_1.vst3; sourceTree = BUILT_PRODUCTS_DIR; };
		E43493CA44ED08877384FC92 /* include_juce_gui_basics.mm */ /* include_juce_gui_basics.mm */ = {isa = PBXFileReference; lastKnownFileType = sourcecode.cpp.objcpp; name = include_juce_gui_basics.mm; path = ../../JuceLibraryCode/include_juce_gui_basics.mm; sourceTree = SOURCE_ROOT; };
		E902F28E666583A2DEF7D601 /* Info-VST3.plist */ /* Info-VST3.plist */ = {isa = PBXFileReference; lastKnownFileType = text.plist.xml; name = "Info-VST3.plist"; path = "Info-VST3.plist"; sourceTree = SOURCE_ROOT; };
		EABA58785BD8028C0F4CBBF9 /* JucePluginDefines.h */ /* JucePluginDefines.h */ = {isa = PBXFileReference; lastKnownFileType = sourcecode.c.h; name = JucePluginDefines.h; path = ../../JuceLibraryCode/JucePluginDefines.h; sourceTree = SOURCE_ROOT; };
		FCE87195BD3D00491F375EFC /* AU */ = {isa = PBXFileReference; explicitFileType = wrapper.cfbundle; includeInIndex = 0; path = Tutorial_1.component; sourceTree = BUILT_PRODUCTS_DIR; };
/* End PBXFileReference section */

/* Begin PBXFrameworksBuildPhase section */
		7FD1E8B93FB73FD3E5D5C5EF = {
			isa = PBXFrameworksBuildPhase;
			buildActionMask = 2147483647;
			files = (
				67291B614184E5EB8605FA4A,
				B9F21815EDEA0E846D5D6794,
				41D793BB93BA28802777C61D,
				1F1BAFD529C9312A33068252,
				6E104F11B6B14F95862CC9E2,
				EEFB4F093D19E8A79141E035,
				CC638CAFFEA976BAA9A507E5,
				0568F193975A01831AD3066A,
				330D62D391018D00B8D41300,
				520DDA94F82C71C35C5C4713,
				917B2C6BD1C2DE366ED23F19,
				8FD8810F7DEB28C5AAFDF26B,
			);
			runOnlyForDeploymentPostprocessing = 0;
		};
		CD98081372C184BC1522A9FB = {
			isa = PBXFrameworksBuildPhase;
			buildActionMask = 2147483647;
			files = (
				B9F21815EDEA0E846D5D6794,
				41D793BB93BA28802777C61D,
				1F1BAFD529C9312A33068252,
				6E104F11B6B14F95862CC9E2,
				EEFB4F093D19E8A79141E035,
				CC638CAFFEA976BAA9A507E5,
				0568F193975A01831AD3066A,
				330D62D391018D00B8D41300,
				520DDA94F82C71C35C5C4713,
				917B2C6BD1C2DE366ED23F19,
				8FD8810F7DEB28C5AAFDF26B,
			);
			runOnlyForDeploymentPostprocessing = 0;
		};
		F5AED4BB5E7B599884B97002 = {
			isa = PBXFrameworksBuildPhase;
			buildActionMask = 2147483647;
			files = (
				B9F21815EDEA0E846D5D6794,
				41D793BB93BA28802777C61D,
				1F1BAFD529C9312A33068252,
				6E104F11B6B14F95862CC9E2,
				EEFB4F093D19E8A79141E035,
				CC638CAFFEA976BAA9A507E5,
				0568F193975A01831AD3066A,
				330D62D391018D00B8D41300,
				520DDA94F82C71C35C5C4713,
				917B2C6BD1C2DE366ED23F19,
				8FD8810F7DEB28C5AAFDF26B,
			);
			runOnlyForDeploymentPostprocessing = 0;
		};
/* End PBXFrameworksBuildPhase section */

/* Begin PBXGroup section */
		085F7719B0369D6D505A42AB /* Frameworks */ = {
			isa = PBXGroup;
			children = (
				D45488E7A4FBCF8B832272DC,
				8DB35C3717E6A9135F8A8B87,
				2005FF2D3A8007AB13FBB7F9,
				06F57B44E5DD408F18E826B5,
				50C5B0C3B6921298770D12BE,
				6F2B20CC5D1504BF6080446B,
				907C38DD297762B4635E450A,
				0A651C9DE0CA39D10B48D47B,
				09CF5BCF1C9091539016EAAB,
				B9277682786ECE31D169DE60,
				89C9D0D5D4CF0F7F9B82A1F0,
				BACBEC27F1D9793A3D21D35E,
			);
			name = Frameworks;
			sourceTree = "<group>";
		};
		12DA949E59CB63E706F89677 /* Products */ = {
			isa = PBXGroup;
			children = (
				DDB8F7BC8053F996A3A9BEA5,
				FCE87195BD3D00491F375EFC,
				665DAEFCC63954F8721FD87B,
				2A2577CD71D6AD68E8F4DE67,
			);
			name = Products;
			sourceTree = "<group>";
		};
		3FA5FAFC66D9D9DBAF873F40 /* Resources */ = {
			isa = PBXGroup;
			children = (
				E902F28E666583A2DEF7D601,
				D99148CC3E0FBEC21BFE33FC,
				4EA1FF7D7C08F4073BBC0232,
				6E9F7C8149F1CDB6950268D1,
			);
			name = Resources;
			sourceTree = "<group>";
		};
		4A251B3E98BFA6FDA51F1ACC /* JUCE Modules */ = {
			isa = PBXGroup;
			children = (
				1BAC86DFD66012CDEF0960EC,
				C7FA2D82DAB19F7ED58E15D5,
				A92D61131262F084BDE866F8,
				18CD7A872CE124855DBAA313,
				7D30E68894E3D3FFA69BFF02,
				4675E4D787939DA471838558,
				9DFB6D265375F5F2BCD597CA,
				DB4DE5E491C480954C548150,
				5EEEE78C85888AAEA39E8DD2,
				3582324D06F7A2BDF5F385BC,
				969AF1692B81694AA09757AA,
				5BDA2AB45C4762164A9344D5,
			);
			name = "JUCE Modules";
			sourceTree = "<group>";
		};
		4FD49C6DBB1C881D6467A4FD /* Source */ = {
			isa = PBXGroup;
			children = (
				27750B13E8BA80606AE956E6,
				547C39FB43E691185D05D0F2,
				8CE7FAF86DA14E5AE02DA8F6,
				6376D8CCF4845815F4F75DDE,
			);
			name = Source;
			sourceTree = "<group>";
		};
		69AAD9DC37FF05C5C6843CAD /* Source */ = {
			isa = PBXGroup;
			children = (
				C53FD7EC15F7C7B497ECBC23,
				4A251B3E98BFA6FDA51F1ACC,
				F4729DE866AE7FAA47279456,
				3FA5FAFC66D9D9DBAF873F40,
				085F7719B0369D6D505A42AB,
				12DA949E59CB63E706F89677,
			);
			name = Source;
			sourceTree = "<group>";
		};
		C53FD7EC15F7C7B497ECBC23 /* Tutorial_1 */ = {
			isa = PBXGroup;
			children = (
				4FD49C6DBB1C881D6467A4FD,
			);
			name = Tutorial_1;
			sourceTree = "<group>";
		};
		F4729DE866AE7FAA47279456 /* JUCE Library Code */ = {
			isa = PBXGroup;
			children = (
				5FF86C57FF67010BC660FFA8,
				DA2BDBD6EB05298AAAAE9204,
				ABE85916AAB0A73DEEF19808,
				449A87DA79123F09D5E4F764,
				30C595DB945415FAED8F057A,
				77ECBB83A930B180690DBAE3,
				9E6E093022811A58690075C4,
				A8325CB7B11D4D83554A9DE1,
				360DF97613D3D848FB412EAF,
				51C001A1792C33E7650F74DA,
				CBE8F7480DFFC01150EA980D,
				8435C47525D9F7901D8E8515,
				84DDC018F5E800AB2BFD7415,
				9A3BC5D3391CD3420C34087A,
				A4A79267A10E33766E54B637,
				1E85EBE43BFBE20F671D0EEB,
				6DF2EABF79DFDFD99A6620A8,
				23317D95861CF0A390326938,
				E43493CA44ED08877384FC92,
				C958D1789CE9F512879447C7,
				2F9766630879A67D17304D1F,
				EABA58785BD8028C0F4CBBF9,
			);
			name = "JUCE Library Code";
			sourceTree = "<group>";
		};
/* End PBXGroup section */

/* Begin PBXNativeTarget section */
		412BB640470488AE9A7462AB /* Tutorial_1 - AU */ = {
			isa = PBXNativeTarget;
			buildConfigurationList = B71C83CC06247DE3E234530E;
			buildPhases = (
				FD6E09B94F21AD20B76DFE60,
				1465B1575DD6C977CF9A1F87,
				7FD1E8B93FB73FD3E5D5C5EF,
			);
			buildRules = (
			);
			dependencies = (
				260BC10FE4609494FDFE319C,
			);
			name = "Tutorial_1 - AU";
			productName = Tutorial_1;
			productReference = FCE87195BD3D00491F375EFC;
			productType = "com.apple.product-type.bundle";
		};
		487B3247CE568FDB4E2A6F25 /* Tutorial_1 - Standalone Plugin */ = {
			isa = PBXNativeTarget;
			buildConfigurationList = 6CBBACEFA8AC522BB041CABA;
			buildPhases = (
				C3091B7FC353F23422AABCC0,
				B5D69FA3D0C15D764E754E0C,
				CD98081372C184BC1522A9FB,
			);
			buildRules = (
			);
			dependencies = (
				889CF542A3FD7DFD7515116A,
			);
			name = "Tutorial_1 - Standalone Plugin";
			productName = Tutorial_1;
			productReference = 665DAEFCC63954F8721FD87B;
			productType = "com.apple.product-type.application";
		};
		655144F58694D2B2A1492D34 /* Tutorial_1 - VST3 */ = {
			isa = PBXNativeTarget;
			buildConfigurationList = 5B29B958F6DB982A81677457;
			buildPhases = (
				3057E23A70B785B7485E795A,
				5D4EA7E51F20DA4CD4833A63,
				F5AED4BB5E7B599884B97002,
			);
			buildRules = (
			);
			dependencies = (
				7745C85DDABDA236BEC253B1,
			);
			name = "Tutorial_1 - VST3";
			productName = Tutorial_1;
			productReference = DDB8F7BC8053F996A3A9BEA5;
			productType = "com.apple.product-type.bundle";
		};
		6E4661EDEBB06293D113783A /* Tutorial_1 - Shared Code */ = {
			isa = PBXNativeTarget;
			buildConfigurationList = A08ABA4C107687474494969F;
			buildPhases = (
				B66CABF926CA4C9C3B385D3F,
			);
			buildRules = (
			);
			dependencies = (
			);
			name = "Tutorial_1 - Shared Code";
			productName = Tutorial_1;
			productReference = 2A2577CD71D6AD68E8F4DE67;
			productType = "com.apple.product-type.library.static";
		};
/* End PBXNativeTarget section */

/* Begin PBXProject section */
		B69EDB62C57FBC4165CE44EB = {
			isa = PBXProject;
			attributes = {
				LastUpgradeCheck = 1340;
				ORGANIZATIONNAME = "";
				TargetAttributes = {
					412BB640470488AE9A7462AB = {
						SystemCapabilities = {
							com.apple.ApplicationGroups.iOS = {
								enabled = 0;
							};
							com.apple.HardenedRuntime = {
								enabled = 0;
							};
							com.apple.InAppPurchase = {
								enabled = 0;
							};
							com.apple.InterAppAudio = {
								enabled = 0;
							};
							com.apple.Push = {
								enabled = 0;
							};
							com.apple.Sandbox = {
								enabled = 0;
							};
						};
					};
					487B3247CE568FDB4E2A6F25 = {
						SystemCapabilities = {
							com.apple.ApplicationGroups.iOS = {
								enabled = 0;
							};
							com.apple.HardenedRuntime = {
								enabled = 0;
							};
							com.apple.InAppPurchase = {
								enabled = 0;
							};
							com.apple.InterAppAudio = {
								enabled = 0;
							};
							com.apple.Push = {
								enabled = 0;
							};
							com.apple.Sandbox = {
								enabled = 0;
							};
						};
					};
					655144F58694D2B2A1492D34 = {
						SystemCapabilities = {
							com.apple.ApplicationGroups.iOS = {
								enabled = 0;
							};
							com.apple.HardenedRuntime = {
								enabled = 0;
							};
							com.apple.InAppPurchase = {
								enabled = 0;
							};
							com.apple.InterAppAudio = {
								enabled = 0;
							};
							com.apple.Push = {
								enabled = 0;
							};
							com.apple.Sandbox = {
								enabled = 0;
							};
						};
					};
					6E4661EDEBB06293D113783A = {
						SystemCapabilities = {
							com.apple.ApplicationGroups.iOS = {
								enabled = 0;
							};
							com.apple.HardenedRuntime = {
								enabled = 0;
							};
							com.apple.InAppPurchase = {
								enabled = 0;
							};
							com.apple.InterAppAudio = {
								enabled = 0;
							};
							com.apple.Push = {
								enabled = 0;
							};
							com.apple.Sandbox = {
								enabled = 0;
							};
						};
					};
					74EE766E1B05F516C4558FF4 = {
						SystemCapabilities = {
							com.apple.ApplicationGroups.iOS = {
								enabled = 0;
							};
							com.apple.HardenedRuntime = {
								enabled = 0;
							};
							com.apple.InAppPurchase = {
								enabled = 0;
							};
							com.apple.InterAppAudio = {
								enabled = 0;
							};
							com.apple.Push = {
								enabled = 0;
							};
							com.apple.Sandbox = {
								enabled = 0;
							};
						};
					};
				};
			};
			buildConfigurationList = 142B79EB47B392381A173382;
			compatibilityVersion = "Xcode 3.2";
			hasScannedForEncodings = 0;
			knownRegions = (
				en,
				Base,
			);
			mainGroup = 69AAD9DC37FF05C5C6843CAD;
			projectDirPath = "";
			projectRoot = "";
			targets = (
				74EE766E1B05F516C4558FF4,
				655144F58694D2B2A1492D34,
				412BB640470488AE9A7462AB,
				487B3247CE568FDB4E2A6F25,
				6E4661EDEBB06293D113783A,
			);
		};
/* End PBXProject section */

/* Begin PBXResourcesBuildPhase section */
		3057E23A70B785B7485E795A = {
			isa = PBXResourcesBuildPhase;
			buildActionMask = 2147483647;
			files = (
				C82EEC12583913A4C8CBDA14,
			);
			runOnlyForDeploymentPostprocessing = 0;
		};
		C3091B7FC353F23422AABCC0 = {
			isa = PBXResourcesBuildPhase;
			buildActionMask = 2147483647;
			files = (
				C82EEC12583913A4C8CBDA14,
			);
			runOnlyForDeploymentPostprocessing = 0;
		};
		FD6E09B94F21AD20B76DFE60 = {
			isa = PBXResourcesBuildPhase;
			buildActionMask = 2147483647;
			files = (
				C82EEC12583913A4C8CBDA14,
			);
			runOnlyForDeploymentPostprocessing = 0;
		};
/* End PBXResourcesBuildPhase section */

/* Begin PBXSourcesBuildPhase section */
		1465B1575DD6C977CF9A1F87 = {
			isa = PBXSourcesBuildPhase;
			buildActionMask = 2147483647;
			files = (
				4778685D4C70C096D708EA4E,
				489B09560E94F7FFAF95854D,
			);
			runOnlyForDeploymentPostprocessing = 0;
		};
		5D4EA7E51F20DA4CD4833A63 = {
			isa = PBXSourcesBuildPhase;
			buildActionMask = 2147483647;
			files = (
				E1D6643A53DA8FF0FC57D994,
			);
			runOnlyForDeploymentPostprocessing = 0;
		};
		B5D69FA3D0C15D764E754E0C = {
			isa = PBXSourcesBuildPhase;
			buildActionMask = 2147483647;
			files = (
				133DF95D1E7E3D2E740BD287,
			);
			runOnlyForDeploymentPostprocessing = 0;
		};
		B66CABF926CA4C9C3B385D3F = {
			isa = PBXSourcesBuildPhase;
			buildActionMask = 2147483647;
			files = (
				DF4CEE23600D492F474E2E27,
				16DB284E3A6BD680E8F4AEBF,
				721DDE9099D8E82C6CA969AE,
				96B189D774CD4952131D1F41,
				ABE4E58CB36B3DC5D462BF64,
				608C0C9CE697B4D155566EE5,
				916A2B6D399CD0BD3DD6BD23,
				18C01A49A8772F177F964D26,
				28F5EF57B3B1BCF286198857,
				68E1EF75FC9FA6E6B277F380,
				E3910144567D3D04D73A2723,
				3FF8431172128F4D6E144E5F,
				6C867C670C3506658BC85173,
				284FA84C518DE80F2DB64D86,
				22717A22D5A4BF42C8D65804,
				020411A3F1F5BA71F5EF7813,
				C15179FC4F26BE29A97779F3,
				1BCFF3284D5283C7D793BE19,
			);
			runOnlyForDeploymentPostprocessing = 0;
		};
/* End PBXSourcesBuildPhase section */

/* Begin PBXTargetDependency section */
		260BC10FE4609494FDFE319C = {
			isa = PBXTargetDependency;
			target = 6E4661EDEBB06293D113783A;
		};
		3D9C790356E3035CCE34E092 = {
			isa = PBXTargetDependency;
			target = 6E4661EDEBB06293D113783A;
		};
		6FBA1DF3A5169E06DB6ED24F = {
			isa = PBXTargetDependency;
			target = 487B3247CE568FDB4E2A6F25;
		};
		7745C85DDABDA236BEC253B1 = {
			isa = PBXTargetDependency;
			target = 6E4661EDEBB06293D113783A;
		};
		889CF542A3FD7DFD7515116A = {
			isa = PBXTargetDependency;
			target = 6E4661EDEBB06293D113783A;
		};
		8B90E577DC03771D2E294DC9 = {
			isa = PBXTargetDependency;
			target = 655144F58694D2B2A1492D34;
		};
		FFCB6F7F111AEA40C3C71FFB = {
			isa = PBXTargetDependency;
			target = 412BB640470488AE9A7462AB;
		};
/* End PBXTargetDependency section */

/* Begin XCBuildConfiguration section */
		041A84430166D4A53FCCA7D5 /* Debug */ = {
			isa = XCBuildConfiguration;
			buildSettings = {
				CLANG_CXX_LANGUAGE_STANDARD = "c++17";
				CLANG_CXX_LIBRARY = "libc++";
				CLANG_LINK_OBJC_RUNTIME = NO;
				COMBINE_HIDPI_IMAGES = YES;
				CONFIGURATION_BUILD_DIR = "$(PROJECT_DIR)/build/$(CONFIGURATION)";
				COPY_PHASE_STRIP = NO;
				EXCLUDED_ARCHS = "";
				GCC_DYNAMIC_NO_PIC = NO;
				GCC_OPTIMIZATION_LEVEL = 0;
				GCC_PREPROCESSOR_DEFINITIONS = (
					"_DEBUG=1",
					"DEBUG=1",
					"JUCE_DISPLAY_SPLASH_SCREEN=0",
					"JUCE_USE_DARK_SPLASH_SCREEN=1",
					"JUCE_PROJUCER_VERSION=0x70003",
					"JUCE_MODULE_AVAILABLE_juce_audio_basics=1",
					"JUCE_MODULE_AVAILABLE_juce_audio_devices=1",
					"JUCE_MODULE_AVAILABLE_juce_audio_formats=1",
					"JUCE_MODULE_AVAILABLE_juce_audio_plugin_client=1",
					"JUCE_MODULE_AVAILABLE_juce_audio_processors=1",
					"JUCE_MODULE_AVAILABLE_juce_audio_utils=1",
					"JUCE_MODULE_AVAILABLE_juce_core=1",
					"JUCE_MODULE_AVAILABLE_juce_data_structures=1",
					"JUCE_MODULE_AVAILABLE_juce_events=1",
					"JUCE_MODULE_AVAILABLE_juce_graphics=1",
					"JUCE_MODULE_AVAILABLE_juce_gui_basics=1",
					"JUCE_MODULE_AVAILABLE_juce_gui_extra=1",
					"JUCE_GLOBAL_MODULE_SETTINGS_INCLUDED=1",
					"JUCE_VST3_CAN_REPLACE_VST2=0",
					"JUCE_STRICT_REFCOUNTEDPOINTER=1",
					"JucePlugin_Build_VST=0",
					"JucePlugin_Build_VST3=0",
					"JucePlugin_Build_AU=0",
					"JucePlugin_Build_AUv3=0",
					"JucePlugin_Build_AAX=0",
					"JucePlugin_Build_Standalone=1",
					"JucePlugin_Build_Unity=0",
					"JucePlugin_Build_LV2=0",
					"JucePlugin_Enable_IAA=0",
					"JucePlugin_Enable_ARA=0",
					"JucePlugin_Name=\\\"Tutorial_1\\\"",
					"JucePlugin_Desc=\\\"Tutorial_1\\\"",
					"JucePlugin_Manufacturer=\\\"yourcompany\\\"",
					"JucePlugin_ManufacturerWebsite=\\\"www.yourcompany.com\\\"",
					"JucePlugin_ManufacturerEmail=\\\"\\\"",
					"JucePlugin_ManufacturerCode=0x4d616e75",
					"JucePlugin_PluginCode=0x54646e71",
					"JucePlugin_IsSynth=0",
					"JucePlugin_WantsMidiInput=0",
					"JucePlugin_ProducesMidiOutput=0",
					"JucePlugin_IsMidiEffect=0",
					"JucePlugin_EditorRequiresKeyboardFocus=0",
					"JucePlugin_Version=1.0.0",
					"JucePlugin_VersionCode=0x10000",
					"JucePlugin_VersionString=\\\"1.0.0\\\"",
					"JucePlugin_VSTUniqueID=JucePlugin_PluginCode",
					"JucePlugin_VSTCategory=kPlugCategEffect",
					"JucePlugin_Vst3Category=\\\"Fx\\\"",
					"JucePlugin_AUMainType=\\'aufx\\'",
					"JucePlugin_AUSubType=JucePlugin_PluginCode",
					"JucePlugin_AUExportPrefix=Tutorial_1AU",
					"JucePlugin_AUExportPrefixQuoted=\\\"Tutorial_1AU\\\"",
					"JucePlugin_AUManufacturerCode=JucePlugin_ManufacturerCode",
					"JucePlugin_CFBundleIdentifier=com.yourcompany.Tutorial_1",
					"JucePlugin_AAXIdentifier=com.yourcompany.Tutorial_1",
					"JucePlugin_AAXManufacturerCode=JucePlugin_ManufacturerCode",
					"JucePlugin_AAXProductId=JucePlugin_PluginCode",
					"JucePlugin_AAXCategory=0",
					"JucePlugin_AAXDisableBypass=0",
					"JucePlugin_AAXDisableMultiMono=0",
					"JucePlugin_IAAType=0x61757278",
					"JucePlugin_IAASubType=JucePlugin_PluginCode",
					"JucePlugin_IAAName=\\\"yourcompany:\\ Tutorial_1\\\"",
					"JucePlugin_VSTNumMidiInputs=16",
					"JucePlugin_VSTNumMidiOutputs=16",
					"JucePlugin_ARAContentTypes=0",
					"JucePlugin_ARATransformationFlags=0",
					"JucePlugin_ARAFactoryID=\\\"com.yourcompany.Tutorial_1.factory\\\"",
					"JucePlugin_ARADocumentArchiveID=\\\"com.yourcompany.Tutorial_1.aradocumentarchive.1.0.0\\\"",
					"JucePlugin_ARACompatibleArchiveIDs=\\\"\\\"",
					"JUCE_STANDALONE_APPLICATION=JucePlugin_Build_Standalone",
					"JUCER_XCODE_MAC_F6D2F4CF=1",
					"JUCE_APP_VERSION=1.0.0",
					"JUCE_APP_VERSION_HEX=0x10000",
				);
				GCC_VERSION = com.apple.compilers.llvm.clang.1_0;
				HEADER_SEARCH_PATHS = (
					"$(SRCROOT)/../../../../../../Downloads/JUCE-2/modules/juce_audio_processors/format_types/VST3_SDK",
					"/Users/alom/Downloads/VST_SDK",
					"$(SRCROOT)/../../JuceLibraryCode",
					"$(SRCROOT)/../../../../../../Downloads/JUCE-2/modules",
					"$(SRCROOT)/../../../../../../Downloads/JUCE-2/modules/juce_audio_plugin_client/AU",
					"$(inherited)",
				);
				INFOPLIST_FILE = Info-Standalone_Plugin.plist;
				INFOPLIST_PREPROCESS = NO;
				MACOSX_DEPLOYMENT_TARGET = 10.13;
				MTL_HEADER_SEARCH_PATHS = "$(SRCROOT)/../../../../../../Downloads/JUCE-2/modules/juce_audio_processors/format_types/VST3_SDK /Users/alom/Downloads/VST_SDK $(SRCROOT)/../../JuceLibraryCode $(SRCROOT)/../../../../../../Downloads/JUCE-2/modules $(SRCROOT)/../../../../../../Downloads/JUCE-2/modules/juce_audio_plugin_client/AU";
				OTHER_LDFLAGS = "-lTutorial_1 -weak_framework Metal -weak_framework MetalKit";
				PRODUCT_BUNDLE_IDENTIFIER = com.yourcompany.Tutorial_1;
				PRODUCT_NAME = "Tutorial_1";
				USE_HEADERMAP = NO;
				VALID_ARCHS = "i386 x86_64 arm64 arm64e";
			};
			name = Debug;
		};
		0618997473B2505798E26B37 /* Debug */ = {
			isa = XCBuildConfiguration;
			buildSettings = {
				CLANG_CXX_LANGUAGE_STANDARD = "c++17";
				CLANG_CXX_LIBRARY = "libc++";
				CLANG_LINK_OBJC_RUNTIME = NO;
				COMBINE_HIDPI_IMAGES = YES;
				CONFIGURATION_BUILD_DIR = "$(PROJECT_DIR)/build/$(CONFIGURATION)";
				COPY_PHASE_STRIP = NO;
				DEPLOYMENT_LOCATION = YES;
				DSTROOT = /;
				EXCLUDED_ARCHS = "";
				GCC_DYNAMIC_NO_PIC = NO;
				GCC_OPTIMIZATION_LEVEL = 0;
				GCC_PREPROCESSOR_DEFINITIONS = (
					"_DEBUG=1",
					"DEBUG=1",
					"JUCE_DISPLAY_SPLASH_SCREEN=0",
					"JUCE_USE_DARK_SPLASH_SCREEN=1",
					"JUCE_PROJUCER_VERSION=0x70003",
					"JUCE_MODULE_AVAILABLE_juce_audio_basics=1",
					"JUCE_MODULE_AVAILABLE_juce_audio_devices=1",
					"JUCE_MODULE_AVAILABLE_juce_audio_formats=1",
					"JUCE_MODULE_AVAILABLE_juce_audio_plugin_client=1",
					"JUCE_MODULE_AVAILABLE_juce_audio_processors=1",
					"JUCE_MODULE_AVAILABLE_juce_audio_utils=1",
					"JUCE_MODULE_AVAILABLE_juce_core=1",
					"JUCE_MODULE_AVAILABLE_juce_data_structures=1",
					"JUCE_MODULE_AVAILABLE_juce_events=1",
					"JUCE_MODULE_AVAILABLE_juce_graphics=1",
					"JUCE_MODULE_AVAILABLE_juce_gui_basics=1",
					"JUCE_MODULE_AVAILABLE_juce_gui_extra=1",
					"JUCE_GLOBAL_MODULE_SETTINGS_INCLUDED=1",
					"JUCE_VST3_CAN_REPLACE_VST2=0",
					"JUCE_STRICT_REFCOUNTEDPOINTER=1",
					"JucePlugin_Build_VST=0",
					"JucePlugin_Build_VST3=0",
					"JucePlugin_Build_AU=1",
					"JucePlugin_Build_AUv3=0",
					"JucePlugin_Build_AAX=0",
					"JucePlugin_Build_Standalone=0",
					"JucePlugin_Build_Unity=0",
					"JucePlugin_Build_LV2=0",
					"JucePlugin_Enable_IAA=0",
					"JucePlugin_Enable_ARA=0",
					"JucePlugin_Name=\\\"Tutorial_1\\\"",
					"JucePlugin_Desc=\\\"Tutorial_1\\\"",
					"JucePlugin_Manufacturer=\\\"yourcompany\\\"",
					"JucePlugin_ManufacturerWebsite=\\\"www.yourcompany.com\\\"",
					"JucePlugin_ManufacturerEmail=\\\"\\\"",
					"JucePlugin_ManufacturerCode=0x4d616e75",
					"JucePlugin_PluginCode=0x54646e71",
					"JucePlugin_IsSynth=0",
					"JucePlugin_WantsMidiInput=0",
					"JucePlugin_ProducesMidiOutput=0",
					"JucePlugin_IsMidiEffect=0",
					"JucePlugin_EditorRequiresKeyboardFocus=0",
					"JucePlugin_Version=1.0.0",
					"JucePlugin_VersionCode=0x10000",
					"JucePlugin_VersionString=\\\"1.0.0\\\"",
					"JucePlugin_VSTUniqueID=JucePlugin_PluginCode",
					"JucePlugin_VSTCategory=kPlugCategEffect",
					"JucePlugin_Vst3Category=\\\"Fx\\\"",
					"JucePlugin_AUMainType=\\'aufx\\'",
					"JucePlugin_AUSubType=JucePlugin_PluginCode",
					"JucePlugin_AUExportPrefix=Tutorial_1AU",
					"JucePlugin_AUExportPrefixQuoted=\\\"Tutorial_1AU\\\"",
					"JucePlugin_AUManufacturerCode=JucePlugin_ManufacturerCode",
					"JucePlugin_CFBundleIdentifier=com.yourcompany.Tutorial_1",
					"JucePlugin_AAXIdentifier=com.yourcompany.Tutorial_1",
					"JucePlugin_AAXManufacturerCode=JucePlugin_ManufacturerCode",
					"JucePlugin_AAXProductId=JucePlugin_PluginCode",
					"JucePlugin_AAXCategory=0",
					"JucePlugin_AAXDisableBypass=0",
					"JucePlugin_AAXDisableMultiMono=0",
					"JucePlugin_IAAType=0x61757278",
					"JucePlugin_IAASubType=JucePlugin_PluginCode",
					"JucePlugin_IAAName=\\\"yourcompany:\\ Tutorial_1\\\"",
					"JucePlugin_VSTNumMidiInputs=16",
					"JucePlugin_VSTNumMidiOutputs=16",
					"JucePlugin_ARAContentTypes=0",
					"JucePlugin_ARATransformationFlags=0",
					"JucePlugin_ARAFactoryID=\\\"com.yourcompany.Tutorial_1.factory\\\"",
					"JucePlugin_ARADocumentArchiveID=\\\"com.yourcompany.Tutorial_1.aradocumentarchive.1.0.0\\\"",
					"JucePlugin_ARACompatibleArchiveIDs=\\\"\\\"",
					"JUCE_STANDALONE_APPLICATION=JucePlugin_Build_Standalone",
					"JUCER_XCODE_MAC_F6D2F4CF=1",
					"JUCE_APP_VERSION=1.0.0",
					"JUCE_APP_VERSION_HEX=0x10000",
				);
				GCC_VERSION = com.apple.compilers.llvm.clang.1_0;
				GENERATE_PKGINFO_FILE = YES;
				HEADER_SEARCH_PATHS = (
					"$(SRCROOT)/../../../../../../Downloads/JUCE-2/modules/juce_audio_processors/format_types/VST3_SDK",
					"/Users/alom/Downloads/VST_SDK",
					"$(SRCROOT)/../../JuceLibraryCode",
					"$(SRCROOT)/../../../../../../Downloads/JUCE-2/modules",
					"$(SRCROOT)/../../../../../../Downloads/JUCE-2/modules/juce_audio_plugin_client/AU",
					"$(inherited)",
				);
				INFOPLIST_FILE = Info-AU.plist;
				INFOPLIST_PREPROCESS = NO;
				INSTALL_PATH = "$(HOME)/Library/Audio/Plug-Ins/Components/";
				LIBRARY_STYLE = Bundle;
				MACOSX_DEPLOYMENT_TARGET = 10.13;
				MTL_HEADER_SEARCH_PATHS = "$(SRCROOT)/../../../../../../Downloads/JUCE-2/modules/juce_audio_processors/format_types/VST3_SDK /Users/alom/Downloads/VST_SDK $(SRCROOT)/../../JuceLibraryCode $(SRCROOT)/../../../../../../Downloads/JUCE-2/modules $(SRCROOT)/../../../../../../Downloads/JUCE-2/modules/juce_audio_plugin_client/AU";
				OTHER_LDFLAGS = "-bundle -lTutorial_1 -weak_framework Metal -weak_framework MetalKit";
				OTHER_REZFLAGS = "-d ppc_$ppc -d i386_$i386 -d ppc64_$ppc64 -d x86_64_$x86_64 -d arm64_$arm64 -I /System/Library/Frameworks/CoreServices.framework/Frameworks/CarbonCore.framework/Versions/A/Headers -I \"$(DEVELOPER_DIR)/Extras/CoreAudio/AudioUnits/AUPublic/AUBase\" -I \"$(DEVELOPER_DIR)/Platforms/MacOSX.platform/Developer/SDKs/MacOSX.sdk/System/Library/Frameworks/AudioUnit.framework/Headers\"";
				PRODUCT_BUNDLE_IDENTIFIER = com.yourcompany.Tutorial_1;
				PRODUCT_NAME = "Tutorial_1";
				USE_HEADERMAP = NO;
				VALID_ARCHS = "i386 x86_64 arm64 arm64e";
				WRAPPER_EXTENSION = component;
			};
			name = Debug;
		};
		3858ED6F886A7ABA9A9FB8B9 /* Release */ = {
			isa = XCBuildConfiguration;
			buildSettings = {
				ALWAYS_SEARCH_USER_PATHS = NO;
				CLANG_ENABLE_OBJC_WEAK = YES;
				CLANG_WARN_BLOCK_CAPTURE_AUTORELEASING = YES;
				CLANG_WARN_BOOL_CONVERSION = YES;
				CLANG_WARN_COMMA = YES;
				CLANG_WARN_CONSTANT_CONVERSION = YES;
				CLANG_WARN_DEPRECATED_OBJC_IMPLEMENTATIONS = YES;
				CLANG_WARN_EMPTY_BODY = YES;
				CLANG_WARN_ENUM_CONVERSION = YES;
				CLANG_WARN_INFINITE_RECURSION = YES;
				CLANG_WARN_INT_CONVERSION = YES;
				CLANG_WARN_NON_LITERAL_NULL_CONVERSION = YES;
				CLANG_WARN_OBJC_IMPLICIT_RETAIN_SELF = YES;
				CLANG_WARN_OBJC_LITERAL_CONVERSION = YES;
				CLANG_WARN_RANGE_LOOP_ANALYSIS = YES;
				CLANG_WARN_STRICT_PROTOTYPES = YES;
				CLANG_WARN_SUSPICIOUS_MOVE = YES;
				CLANG_WARN_UNREACHABLE_CODE = YES;
				CLANG_WARN__DUPLICATE_METHOD_MATCH = YES;
				DEBUG_INFORMATION_FORMAT = dwarf;
				ENABLE_STRICT_OBJC_MSGSEND = YES;
				ENABLE_TESTABILITY = NO;
				GCC_C_LANGUAGE_STANDARD = c11;
				GCC_INLINES_ARE_PRIVATE_EXTERN = YES;
				GCC_MODEL_TUNING = G5;
				GCC_NO_COMMON_BLOCKS = YES;
				GCC_SYMBOLS_PRIVATE_EXTERN = YES;
				GCC_WARN_64_TO_32_BIT_CONVERSION = YES;
				GCC_WARN_ABOUT_RETURN_TYPE = YES;
				GCC_WARN_CHECK_SWITCH_STATEMENTS = YES;
				GCC_WARN_MISSING_PARENTHESES = YES;
				GCC_WARN_NON_VIRTUAL_DESTRUCTOR = YES;
				GCC_WARN_TYPECHECK_CALLS_TO_PRINTF = YES;
				GCC_WARN_UNDECLARED_SELECTOR = YES;
				GCC_WARN_UNINITIALIZED_AUTOS = YES;
				GCC_WARN_UNUSED_FUNCTION = YES;
				GCC_WARN_UNUSED_VARIABLE = YES;
				PRODUCT_NAME = "Tutorial_1";
				SDKROOT = macosx;
				WARNING_CFLAGS = "-Wreorder";
				ZERO_LINK = NO;
			};
			name = Release;
		};
		674B4421306320B8A1892F33 /* Debug */ = {
			isa = XCBuildConfiguration;
			buildSettings = {
				CLANG_CXX_LANGUAGE_STANDARD = "c++17";
				CLANG_CXX_LIBRARY = "libc++";
				CLANG_LINK_OBJC_RUNTIME = NO;
				COMBINE_HIDPI_IMAGES = YES;
				CONFIGURATION_BUILD_DIR = "$(PROJECT_DIR)/build/$(CONFIGURATION)";
				COPY_PHASE_STRIP = NO;
				DEPLOYMENT_LOCATION = YES;
				DSTROOT = /;
				EXCLUDED_ARCHS = "";
				GCC_DYNAMIC_NO_PIC = NO;
				GCC_OPTIMIZATION_LEVEL = 0;
				GCC_PREPROCESSOR_DEFINITIONS = (
					"_DEBUG=1",
					"DEBUG=1",
					"JUCE_DISPLAY_SPLASH_SCREEN=0",
					"JUCE_USE_DARK_SPLASH_SCREEN=1",
					"JUCE_PROJUCER_VERSION=0x70003",
					"JUCE_MODULE_AVAILABLE_juce_audio_basics=1",
					"JUCE_MODULE_AVAILABLE_juce_audio_devices=1",
					"JUCE_MODULE_AVAILABLE_juce_audio_formats=1",
					"JUCE_MODULE_AVAILABLE_juce_audio_plugin_client=1",
					"JUCE_MODULE_AVAILABLE_juce_audio_processors=1",
					"JUCE_MODULE_AVAILABLE_juce_audio_utils=1",
					"JUCE_MODULE_AVAILABLE_juce_core=1",
					"JUCE_MODULE_AVAILABLE_juce_data_structures=1",
					"JUCE_MODULE_AVAILABLE_juce_events=1",
					"JUCE_MODULE_AVAILABLE_juce_graphics=1",
					"JUCE_MODULE_AVAILABLE_juce_gui_basics=1",
					"JUCE_MODULE_AVAILABLE_juce_gui_extra=1",
					"JUCE_GLOBAL_MODULE_SETTINGS_INCLUDED=1",
					"JUCE_VST3_CAN_REPLACE_VST2=0",
					"JUCE_STRICT_REFCOUNTEDPOINTER=1",
					"JucePlugin_Build_VST=0",
					"JucePlugin_Build_VST3=1",
					"JucePlugin_Build_AU=0",
					"JucePlugin_Build_AUv3=0",
					"JucePlugin_Build_AAX=0",
					"JucePlugin_Build_Standalone=0",
					"JucePlugin_Build_Unity=0",
					"JucePlugin_Build_LV2=0",
					"JucePlugin_Enable_IAA=0",
					"JucePlugin_Enable_ARA=0",
					"JucePlugin_Name=\\\"Tutorial_1\\\"",
					"JucePlugin_Desc=\\\"Tutorial_1\\\"",
					"JucePlugin_Manufacturer=\\\"yourcompany\\\"",
					"JucePlugin_ManufacturerWebsite=\\\"www.yourcompany.com\\\"",
					"JucePlugin_ManufacturerEmail=\\\"\\\"",
					"JucePlugin_ManufacturerCode=0x4d616e75",
					"JucePlugin_PluginCode=0x54646e71",
					"JucePlugin_IsSynth=0",
					"JucePlugin_WantsMidiInput=0",
					"JucePlugin_ProducesMidiOutput=0",
					"JucePlugin_IsMidiEffect=0",
					"JucePlugin_EditorRequiresKeyboardFocus=0",
					"JucePlugin_Version=1.0.0",
					"JucePlugin_VersionCode=0x10000",
					"JucePlugin_VersionString=\\\"1.0.0\\\"",
					"JucePlugin_VSTUniqueID=JucePlugin_PluginCode",
					"JucePlugin_VSTCategory=kPlugCategEffect",
					"JucePlugin_Vst3Category=\\\"Fx\\\"",
					"JucePlugin_AUMainType=\\'aufx\\'",
					"JucePlugin_AUSubType=JucePlugin_PluginCode",
					"JucePlugin_AUExportPrefix=Tutorial_1AU",
					"JucePlugin_AUExportPrefixQuoted=\\\"Tutorial_1AU\\\"",
					"JucePlugin_AUManufacturerCode=JucePlugin_ManufacturerCode",
					"JucePlugin_CFBundleIdentifier=com.yourcompany.Tutorial_1",
					"JucePlugin_AAXIdentifier=com.yourcompany.Tutorial_1",
					"JucePlugin_AAXManufacturerCode=JucePlugin_ManufacturerCode",
					"JucePlugin_AAXProductId=JucePlugin_PluginCode",
					"JucePlugin_AAXCategory=0",
					"JucePlugin_AAXDisableBypass=0",
					"JucePlugin_AAXDisableMultiMono=0",
					"JucePlugin_IAAType=0x61757278",
					"JucePlugin_IAASubType=JucePlugin_PluginCode",
					"JucePlugin_IAAName=\\\"yourcompany:\\ Tutorial_1\\\"",
					"JucePlugin_VSTNumMidiInputs=16",
					"JucePlugin_VSTNumMidiOutputs=16",
					"JucePlugin_ARAContentTypes=0",
					"JucePlugin_ARATransformationFlags=0",
					"JucePlugin_ARAFactoryID=\\\"com.yourcompany.Tutorial_1.factory\\\"",
					"JucePlugin_ARADocumentArchiveID=\\\"com.yourcompany.Tutorial_1.aradocumentarchive.1.0.0\\\"",
					"JucePlugin_ARACompatibleArchiveIDs=\\\"\\\"",
					"JUCE_STANDALONE_APPLICATION=JucePlugin_Build_Standalone",
					"JUCER_XCODE_MAC_F6D2F4CF=1",
					"JUCE_APP_VERSION=1.0.0",
					"JUCE_APP_VERSION_HEX=0x10000",
				);
				GCC_VERSION = com.apple.compilers.llvm.clang.1_0;
				GENERATE_PKGINFO_FILE = YES;
				HEADER_SEARCH_PATHS = (
					"$(SRCROOT)/../../../../../../Downloads/JUCE-2/modules/juce_audio_processors/format_types/VST3_SDK",
					"/Users/alom/Downloads/VST_SDK",
					"$(SRCROOT)/../../JuceLibraryCode",
					"$(SRCROOT)/../../../../../../Downloads/JUCE-2/modules",
					"$(SRCROOT)/../../../../../../Downloads/JUCE-2/modules/juce_audio_plugin_client/AU",
					"$(inherited)",
				);
				INFOPLIST_FILE = Info-VST3.plist;
				INFOPLIST_PREPROCESS = NO;
				INSTALL_PATH = "$(HOME)/Library/Audio/Plug-Ins/VST3/";
				LIBRARY_STYLE = Bundle;
				MACOSX_DEPLOYMENT_TARGET = 10.13;
				MTL_HEADER_SEARCH_PATHS = "$(SRCROOT)/../../../../../../Downloads/JUCE-2/modules/juce_audio_processors/format_types/VST3_SDK /Users/alom/Downloads/VST_SDK $(SRCROOT)/../../JuceLibraryCode $(SRCROOT)/../../../../../../Downloads/JUCE-2/modules $(SRCROOT)/../../../../../../Downloads/JUCE-2/modules/juce_audio_plugin_client/AU";
				OTHER_LDFLAGS = "-bundle -lTutorial_1 -weak_framework Metal -weak_framework MetalKit";
				PRODUCT_BUNDLE_IDENTIFIER = com.yourcompany.Tutorial_1;
				PRODUCT_NAME = "Tutorial_1";
				USE_HEADERMAP = NO;
				VALID_ARCHS = "i386 x86_64 arm64 arm64e";
				WRAPPER_EXTENSION = vst3;
			};
			name = Debug;
		};
		75EE8A472F9B39ADAD28EE3C /* Release */ = {
			isa = XCBuildConfiguration;
			buildSettings = {
				CLANG_CXX_LANGUAGE_STANDARD = "c++17";
				CLANG_CXX_LIBRARY = "libc++";
				CLANG_LINK_OBJC_RUNTIME = NO;
				COMBINE_HIDPI_IMAGES = YES;
				CONFIGURATION_BUILD_DIR = "$(PROJECT_DIR)/build/$(CONFIGURATION)";
				DEAD_CODE_STRIPPING = YES;
				DEPLOYMENT_LOCATION = YES;
				DSTROOT = /;
				EXCLUDED_ARCHS = "";
				GCC_GENERATE_DEBUGGING_SYMBOLS = NO;
				GCC_OPTIMIZATION_LEVEL = 3;
				GCC_PREPROCESSOR_DEFINITIONS = (
					"_NDEBUG=1",
					"NDEBUG=1",
					"JUCE_DISPLAY_SPLASH_SCREEN=0",
					"JUCE_USE_DARK_SPLASH_SCREEN=1",
					"JUCE_PROJUCER_VERSION=0x70003",
					"JUCE_MODULE_AVAILABLE_juce_audio_basics=1",
					"JUCE_MODULE_AVAILABLE_juce_audio_devices=1",
					"JUCE_MODULE_AVAILABLE_juce_audio_formats=1",
					"JUCE_MODULE_AVAILABLE_juce_audio_plugin_client=1",
					"JUCE_MODULE_AVAILABLE_juce_audio_processors=1",
					"JUCE_MODULE_AVAILABLE_juce_audio_utils=1",
					"JUCE_MODULE_AVAILABLE_juce_core=1",
					"JUCE_MODULE_AVAILABLE_juce_data_structures=1",
					"JUCE_MODULE_AVAILABLE_juce_events=1",
					"JUCE_MODULE_AVAILABLE_juce_graphics=1",
					"JUCE_MODULE_AVAILABLE_juce_gui_basics=1",
					"JUCE_MODULE_AVAILABLE_juce_gui_extra=1",
					"JUCE_GLOBAL_MODULE_SETTINGS_INCLUDED=1",
					"JUCE_VST3_CAN_REPLACE_VST2=0",
					"JUCE_STRICT_REFCOUNTEDPOINTER=1",
					"JucePlugin_Build_VST=0",
					"JucePlugin_Build_VST3=0",
					"JucePlugin_Build_AU=1",
					"JucePlugin_Build_AUv3=0",
					"JucePlugin_Build_AAX=0",
					"JucePlugin_Build_Standalone=0",
					"JucePlugin_Build_Unity=0",
					"JucePlugin_Build_LV2=0",
					"JucePlugin_Enable_IAA=0",
					"JucePlugin_Enable_ARA=0",
					"JucePlugin_Name=\\\"Tutorial_1\\\"",
					"JucePlugin_Desc=\\\"Tutorial_1\\\"",
					"JucePlugin_Manufacturer=\\\"yourcompany\\\"",
					"JucePlugin_ManufacturerWebsite=\\\"www.yourcompany.com\\\"",
					"JucePlugin_ManufacturerEmail=\\\"\\\"",
					"JucePlugin_ManufacturerCode=0x4d616e75",
					"JucePlugin_PluginCode=0x54646e71",
					"JucePlugin_IsSynth=0",
					"JucePlugin_WantsMidiInput=0",
					"JucePlugin_ProducesMidiOutput=0",
					"JucePlugin_IsMidiEffect=0",
					"JucePlugin_EditorRequiresKeyboardFocus=0",
					"JucePlugin_Version=1.0.0",
					"JucePlugin_VersionCode=0x10000",
					"JucePlugin_VersionString=\\\"1.0.0\\\"",
					"JucePlugin_VSTUniqueID=JucePlugin_PluginCode",
					"JucePlugin_VSTCategory=kPlugCategEffect",
					"JucePlugin_Vst3Category=\\\"Fx\\\"",
					"JucePlugin_AUMainType=\\'aufx\\'",
					"JucePlugin_AUSubType=JucePlugin_PluginCode",
					"JucePlugin_AUExportPrefix=Tutorial_1AU",
					"JucePlugin_AUExportPrefixQuoted=\\\"Tutorial_1AU\\\"",
					"JucePlugin_AUManufacturerCode=JucePlugin_ManufacturerCode",
					"JucePlugin_CFBundleIdentifier=com.yourcompany.Tutorial_1",
					"JucePlugin_AAXIdentifier=com.yourcompany.Tutorial_1",
					"JucePlugin_AAXManufacturerCode=JucePlugin_ManufacturerCode",
					"JucePlugin_AAXProductId=JucePlugin_PluginCode",
					"JucePlugin_AAXCategory=0",
					"JucePlugin_AAXDisableBypass=0",
					"JucePlugin_AAXDisableMultiMono=0",
					"JucePlugin_IAAType=0x61757278",
					"JucePlugin_IAASubType=JucePlugin_PluginCode",
					"JucePlugin_IAAName=\\\"yourcompany:\\ Tutorial_1\\\"",
					"JucePlugin_VSTNumMidiInputs=16",
					"JucePlugin_VSTNumMidiOutputs=16",
					"JucePlugin_ARAContentTypes=0",
					"JucePlugin_ARATransformationFlags=0",
					"JucePlugin_ARAFactoryID=\\\"com.yourcompany.Tutorial_1.factory\\\"",
					"JucePlugin_ARADocumentArchiveID=\\\"com.yourcompany.Tutorial_1.aradocumentarchive.1.0.0\\\"",
					"JucePlugin_ARACompatibleArchiveIDs=\\\"\\\"",
					"JUCE_STANDALONE_APPLICATION=JucePlugin_Build_Standalone",
					"JUCER_XCODE_MAC_F6D2F4CF=1",
					"JUCE_APP_VERSION=1.0.0",
					"JUCE_APP_VERSION_HEX=0x10000",
				);
				GCC_VERSION = com.apple.compilers.llvm.clang.1_0;
				GENERATE_PKGINFO_FILE = YES;
				HEADER_SEARCH_PATHS = (
					"$(SRCROOT)/../../../../../../Downloads/JUCE-2/modules/juce_audio_processors/format_types/VST3_SDK",
					"/Users/alom/Downloads/VST_SDK",
					"$(SRCROOT)/../../JuceLibraryCode",
					"$(SRCROOT)/../../../../../../Downloads/JUCE-2/modules",
					"$(SRCROOT)/../../../../../../Downloads/JUCE-2/modules/juce_audio_plugin_client/AU",
					"$(inherited)",
				);
				INFOPLIST_FILE = Info-AU.plist;
				INFOPLIST_PREPROCESS = NO;
				INSTALL_PATH = "$(HOME)/Library/Audio/Plug-Ins/Components/";
				LIBRARY_STYLE = Bundle;
				LLVM_LTO = YES;
				MACOSX_DEPLOYMENT_TARGET = 10.13;
				MTL_HEADER_SEARCH_PATHS = "$(SRCROOT)/../../../../../../Downloads/JUCE-2/modules/juce_audio_processors/format_types/VST3_SDK /Users/alom/Downloads/VST_SDK $(SRCROOT)/../../JuceLibraryCode $(SRCROOT)/../../../../../../Downloads/JUCE-2/modules $(SRCROOT)/../../../../../../Downloads/JUCE-2/modules/juce_audio_plugin_client/AU";
				OTHER_LDFLAGS = "-bundle -lTutorial_1 -weak_framework Metal -weak_framework MetalKit";
				OTHER_REZFLAGS = "-d ppc_$ppc -d i386_$i386 -d ppc64_$ppc64 -d x86_64_$x86_64 -d arm64_$arm64 -I /System/Library/Frameworks/CoreServices.framework/Frameworks/CarbonCore.framework/Versions/A/Headers -I \"$(DEVELOPER_DIR)/Extras/CoreAudio/AudioUnits/AUPublic/AUBase\" -I \"$(DEVELOPER_DIR)/Platforms/MacOSX.platform/Developer/SDKs/MacOSX.sdk/System/Library/Frameworks/AudioUnit.framework/Headers\"";
				PRODUCT_BUNDLE_IDENTIFIER = com.yourcompany.Tutorial_1;
				PRODUCT_NAME = "Tutorial_1";
				USE_HEADERMAP = NO;
				VALID_ARCHS = "i386 x86_64 arm64 arm64e";
				WRAPPER_EXTENSION = component;
			};
			name = Release;
		};
		76D32ACEA5E9A612D882AF86 /* Release */ = {
			isa = XCBuildConfiguration;
			buildSettings = {
				CLANG_CXX_LANGUAGE_STANDARD = "c++17";
				CLANG_CXX_LIBRARY = "libc++";
				CLANG_LINK_OBJC_RUNTIME = NO;
				COMBINE_HIDPI_IMAGES = YES;
				CONFIGURATION_BUILD_DIR = "$(PROJECT_DIR)/build/$(CONFIGURATION)";
				DEAD_CODE_STRIPPING = YES;
				EXCLUDED_ARCHS = "";
				GCC_GENERATE_DEBUGGING_SYMBOLS = NO;
				GCC_OPTIMIZATION_LEVEL = 3;
				GCC_PREPROCESSOR_DEFINITIONS = (
					"_NDEBUG=1",
					"NDEBUG=1",
					"JUCE_DISPLAY_SPLASH_SCREEN=0",
					"JUCE_USE_DARK_SPLASH_SCREEN=1",
					"JUCE_PROJUCER_VERSION=0x70003",
					"JUCE_MODULE_AVAILABLE_juce_audio_basics=1",
					"JUCE_MODULE_AVAILABLE_juce_audio_devices=1",
					"JUCE_MODULE_AVAILABLE_juce_audio_formats=1",
					"JUCE_MODULE_AVAILABLE_juce_audio_plugin_client=1",
					"JUCE_MODULE_AVAILABLE_juce_audio_processors=1",
					"JUCE_MODULE_AVAILABLE_juce_audio_utils=1",
					"JUCE_MODULE_AVAILABLE_juce_core=1",
					"JUCE_MODULE_AVAILABLE_juce_data_structures=1",
					"JUCE_MODULE_AVAILABLE_juce_events=1",
					"JUCE_MODULE_AVAILABLE_juce_graphics=1",
					"JUCE_MODULE_AVAILABLE_juce_gui_basics=1",
					"JUCE_MODULE_AVAILABLE_juce_gui_extra=1",
					"JUCE_GLOBAL_MODULE_SETTINGS_INCLUDED=1",
					"JUCE_VST3_CAN_REPLACE_VST2=0",
					"JUCE_STRICT_REFCOUNTEDPOINTER=1",
					"JucePlugin_Build_VST=0",
					"JucePlugin_Build_VST3=1",
					"JucePlugin_Build_AU=1",
					"JucePlugin_Build_AUv3=0",
					"JucePlugin_Build_AAX=0",
					"JucePlugin_Build_Standalone=1",
					"JucePlugin_Build_Unity=0",
					"JucePlugin_Build_LV2=0",
					"JucePlugin_Enable_IAA=0",
					"JucePlugin_Enable_ARA=0",
					"JucePlugin_Name=\\\"Tutorial_1\\\"",
					"JucePlugin_Desc=\\\"Tutorial_1\\\"",
					"JucePlugin_Manufacturer=\\\"yourcompany\\\"",
					"JucePlugin_ManufacturerWebsite=\\\"www.yourcompany.com\\\"",
					"JucePlugin_ManufacturerEmail=\\\"\\\"",
					"JucePlugin_ManufacturerCode=0x4d616e75",
					"JucePlugin_PluginCode=0x54646e71",
					"JucePlugin_IsSynth=0",
					"JucePlugin_WantsMidiInput=0",
					"JucePlugin_ProducesMidiOutput=0",
					"JucePlugin_IsMidiEffect=0",
					"JucePlugin_EditorRequiresKeyboardFocus=0",
					"JucePlugin_Version=1.0.0",
					"JucePlugin_VersionCode=0x10000",
					"JucePlugin_VersionString=\\\"1.0.0\\\"",
					"JucePlugin_VSTUniqueID=JucePlugin_PluginCode",
					"JucePlugin_VSTCategory=kPlugCategEffect",
					"JucePlugin_Vst3Category=\\\"Fx\\\"",
					"JucePlugin_AUMainType=\\'aufx\\'",
					"JucePlugin_AUSubType=JucePlugin_PluginCode",
					"JucePlugin_AUExportPrefix=Tutorial_1AU",
					"JucePlugin_AUExportPrefixQuoted=\\\"Tutorial_1AU\\\"",
					"JucePlugin_AUManufacturerCode=JucePlugin_ManufacturerCode",
					"JucePlugin_CFBundleIdentifier=com.yourcompany.Tutorial_1",
					"JucePlugin_AAXIdentifier=com.yourcompany.Tutorial_1",
					"JucePlugin_AAXManufacturerCode=JucePlugin_ManufacturerCode",
					"JucePlugin_AAXProductId=JucePlugin_PluginCode",
					"JucePlugin_AAXCategory=0",
					"JucePlugin_AAXDisableBypass=0",
					"JucePlugin_AAXDisableMultiMono=0",
					"JucePlugin_IAAType=0x61757278",
					"JucePlugin_IAASubType=JucePlugin_PluginCode",
					"JucePlugin_IAAName=\\\"yourcompany:\\ Tutorial_1\\\"",
					"JucePlugin_VSTNumMidiInputs=16",
					"JucePlugin_VSTNumMidiOutputs=16",
					"JucePlugin_ARAContentTypes=0",
					"JucePlugin_ARATransformationFlags=0",
					"JucePlugin_ARAFactoryID=\\\"com.yourcompany.Tutorial_1.factory\\\"",
					"JucePlugin_ARADocumentArchiveID=\\\"com.yourcompany.Tutorial_1.aradocumentarchive.1.0.0\\\"",
					"JucePlugin_ARACompatibleArchiveIDs=\\\"\\\"",
					"JUCE_STANDALONE_APPLICATION=JucePlugin_Build_Standalone",
					"JUCER_XCODE_MAC_F6D2F4CF=1",
					"JUCE_APP_VERSION=1.0.0",
					"JUCE_APP_VERSION_HEX=0x10000",
					"JUCE_SHARED_CODE=1",
				);
				GCC_VERSION = com.apple.compilers.llvm.clang.1_0;
				HEADER_SEARCH_PATHS = (
					"$(SRCROOT)/../../../../../../Downloads/JUCE-2/modules/juce_audio_processors/format_types/VST3_SDK",
					"/Users/alom/Downloads/VST_SDK",
					"$(SRCROOT)/../../JuceLibraryCode",
					"$(SRCROOT)/../../../../../../Downloads/JUCE-2/modules",
					"$(SRCROOT)/../../../../../../Downloads/JUCE-2/modules/juce_audio_plugin_client/AU",
					"$(inherited)",
				);
				INSTALL_PATH = "@executable_path/../Frameworks";
				LLVM_LTO = YES;
				MACOSX_DEPLOYMENT_TARGET = 10.13;
				MTL_HEADER_SEARCH_PATHS = "$(SRCROOT)/../../../../../../Downloads/JUCE-2/modules/juce_audio_processors/format_types/VST3_SDK /Users/alom/Downloads/VST_SDK $(SRCROOT)/../../JuceLibraryCode $(SRCROOT)/../../../../../../Downloads/JUCE-2/modules $(SRCROOT)/../../../../../../Downloads/JUCE-2/modules/juce_audio_plugin_client/AU";
				OTHER_LDFLAGS = "-weak_framework Metal -weak_framework MetalKit";
				PRODUCT_BUNDLE_IDENTIFIER = com.yourcompany.Tutorial_1;
				PRODUCT_NAME = "Tutorial_1";
				SKIP_INSTALL = YES;
				USE_HEADERMAP = NO;
				VALID_ARCHS = "i386 x86_64 arm64 arm64e";
			};
			name = Release;
		};
		869505D11294F58BA385C5EF /* Debug */ = {
			isa = XCBuildConfiguration;
			buildSettings = {
				CLANG_CXX_LANGUAGE_STANDARD = "c++17";
				CLANG_CXX_LIBRARY = "libc++";
				CLANG_LINK_OBJC_RUNTIME = NO;
				COMBINE_HIDPI_IMAGES = YES;
				CONFIGURATION_BUILD_DIR = "$(PROJECT_DIR)/build/$(CONFIGURATION)";
				COPY_PHASE_STRIP = NO;
				EXCLUDED_ARCHS = "";
				GCC_DYNAMIC_NO_PIC = NO;
				GCC_OPTIMIZATION_LEVEL = 0;
				GCC_PREPROCESSOR_DEFINITIONS = (
					"_DEBUG=1",
					"DEBUG=1",
					"JUCE_DISPLAY_SPLASH_SCREEN=0",
					"JUCE_USE_DARK_SPLASH_SCREEN=1",
					"JUCE_PROJUCER_VERSION=0x70003",
					"JUCE_MODULE_AVAILABLE_juce_audio_basics=1",
					"JUCE_MODULE_AVAILABLE_juce_audio_devices=1",
					"JUCE_MODULE_AVAILABLE_juce_audio_formats=1",
					"JUCE_MODULE_AVAILABLE_juce_audio_plugin_client=1",
					"JUCE_MODULE_AVAILABLE_juce_audio_processors=1",
					"JUCE_MODULE_AVAILABLE_juce_audio_utils=1",
					"JUCE_MODULE_AVAILABLE_juce_core=1",
					"JUCE_MODULE_AVAILABLE_juce_data_structures=1",
					"JUCE_MODULE_AVAILABLE_juce_events=1",
					"JUCE_MODULE_AVAILABLE_juce_graphics=1",
					"JUCE_MODULE_AVAILABLE_juce_gui_basics=1",
					"JUCE_MODULE_AVAILABLE_juce_gui_extra=1",
					"JUCE_GLOBAL_MODULE_SETTINGS_INCLUDED=1",
					"JUCE_VST3_CAN_REPLACE_VST2=0",
					"JUCE_STRICT_REFCOUNTEDPOINTER=1",
					"JucePlugin_Build_VST=0",
					"JucePlugin_Build_VST3=1",
					"JucePlugin_Build_AU=1",
					"JucePlugin_Build_AUv3=0",
					"JucePlugin_Build_AAX=0",
					"JucePlugin_Build_Standalone=1",
					"JucePlugin_Build_Unity=0",
					"JucePlugin_Build_LV2=0",
					"JucePlugin_Enable_IAA=0",
					"JucePlugin_Enable_ARA=0",
					"JucePlugin_Name=\\\"Tutorial_1\\\"",
					"JucePlugin_Desc=\\\"Tutorial_1\\\"",
					"JucePlugin_Manufacturer=\\\"yourcompany\\\"",
					"JucePlugin_ManufacturerWebsite=\\\"www.yourcompany.com\\\"",
					"JucePlugin_ManufacturerEmail=\\\"\\\"",
					"JucePlugin_ManufacturerCode=0x4d616e75",
					"JucePlugin_PluginCode=0x54646e71",
					"JucePlugin_IsSynth=0",
					"JucePlugin_WantsMidiInput=0",
					"JucePlugin_ProducesMidiOutput=0",
					"JucePlugin_IsMidiEffect=0",
					"JucePlugin_EditorRequiresKeyboardFocus=0",
					"JucePlugin_Version=1.0.0",
					"JucePlugin_VersionCode=0x10000",
					"JucePlugin_VersionString=\\\"1.0.0\\\"",
					"JucePlugin_VSTUniqueID=JucePlugin_PluginCode",
					"JucePlugin_VSTCategory=kPlugCategEffect",
					"JucePlugin_Vst3Category=\\\"Fx\\\"",
					"JucePlugin_AUMainType=\\'aufx\\'",
					"JucePlugin_AUSubType=JucePlugin_PluginCode",
					"JucePlugin_AUExportPrefix=Tutorial_1AU",
					"JucePlugin_AUExportPrefixQuoted=\\\"Tutorial_1AU\\\"",
					"JucePlugin_AUManufacturerCode=JucePlugin_ManufacturerCode",
					"JucePlugin_CFBundleIdentifier=com.yourcompany.Tutorial_1",
					"JucePlugin_AAXIdentifier=com.yourcompany.Tutorial_1",
					"JucePlugin_AAXManufacturerCode=JucePlugin_ManufacturerCode",
					"JucePlugin_AAXProductId=JucePlugin_PluginCode",
					"JucePlugin_AAXCategory=0",
					"JucePlugin_AAXDisableBypass=0",
					"JucePlugin_AAXDisableMultiMono=0",
					"JucePlugin_IAAType=0x61757278",
					"JucePlugin_IAASubType=JucePlugin_PluginCode",
					"JucePlugin_IAAName=\\\"yourcompany:\\ Tutorial_1\\\"",
					"JucePlugin_VSTNumMidiInputs=16",
					"JucePlugin_VSTNumMidiOutputs=16",
					"JucePlugin_ARAContentTypes=0",
					"JucePlugin_ARATransformationFlags=0",
					"JucePlugin_ARAFactoryID=\\\"com.yourcompany.Tutorial_1.factory\\\"",
					"JucePlugin_ARADocumentArchiveID=\\\"com.yourcompany.Tutorial_1.aradocumentarchive.1.0.0\\\"",
					"JucePlugin_ARACompatibleArchiveIDs=\\\"\\\"",
					"JUCE_STANDALONE_APPLICATION=JucePlugin_Build_Standalone",
					"JUCER_XCODE_MAC_F6D2F4CF=1",
					"JUCE_APP_VERSION=1.0.0",
					"JUCE_APP_VERSION_HEX=0x10000",
					"JUCE_SHARED_CODE=1",
				);
				GCC_VERSION = com.apple.compilers.llvm.clang.1_0;
				HEADER_SEARCH_PATHS = (
					"$(SRCROOT)/../../../../../../Downloads/JUCE-2/modules/juce_audio_processors/format_types/VST3_SDK",
					"/Users/alom/Downloads/VST_SDK",
					"$(SRCROOT)/../../JuceLibraryCode",
					"$(SRCROOT)/../../../../../../Downloads/JUCE-2/modules",
					"$(SRCROOT)/../../../../../../Downloads/JUCE-2/modules/juce_audio_plugin_client/AU",
					"$(inherited)",
				);
				INSTALL_PATH = "@executable_path/../Frameworks";
				MACOSX_DEPLOYMENT_TARGET = 10.13;
				MTL_HEADER_SEARCH_PATHS = "$(SRCROOT)/../../../../../../Downloads/JUCE-2/modules/juce_audio_processors/format_types/VST3_SDK /Users/alom/Downloads/VST_SDK $(SRCROOT)/../../JuceLibraryCode $(SRCROOT)/../../../../../../Downloads/JUCE-2/modules $(SRCROOT)/../../../../../../Downloads/JUCE-2/modules/juce_audio_plugin_client/AU";
				OTHER_LDFLAGS = "-weak_framework Metal -weak_framework MetalKit";
				PRODUCT_BUNDLE_IDENTIFIER = com.yourcompany.Tutorial_1;
				PRODUCT_NAME = "Tutorial_1";
				SKIP_INSTALL = YES;
				USE_HEADERMAP = NO;
				VALID_ARCHS = "i386 x86_64 arm64 arm64e";
			};
			name = Debug;
		};
		88D2AAFEFA84FDD64C129270 /* Release */ = {
			isa = XCBuildConfiguration;
			buildSettings = {
				CLANG_CXX_LANGUAGE_STANDARD = "c++17";
				CLANG_CXX_LIBRARY = "libc++";
				CLANG_LINK_OBJC_RUNTIME = NO;
				COMBINE_HIDPI_IMAGES = YES;
				CONFIGURATION_BUILD_DIR = "$(PROJECT_DIR)/build/$(CONFIGURATION)";
				DEAD_CODE_STRIPPING = YES;
				DEPLOYMENT_LOCATION = YES;
				DSTROOT = /;
				EXCLUDED_ARCHS = "";
				GCC_GENERATE_DEBUGGING_SYMBOLS = NO;
				GCC_OPTIMIZATION_LEVEL = 3;
				GCC_PREPROCESSOR_DEFINITIONS = (
					"_NDEBUG=1",
					"NDEBUG=1",
					"JUCE_DISPLAY_SPLASH_SCREEN=0",
					"JUCE_USE_DARK_SPLASH_SCREEN=1",
					"JUCE_PROJUCER_VERSION=0x70003",
					"JUCE_MODULE_AVAILABLE_juce_audio_basics=1",
					"JUCE_MODULE_AVAILABLE_juce_audio_devices=1",
					"JUCE_MODULE_AVAILABLE_juce_audio_formats=1",
					"JUCE_MODULE_AVAILABLE_juce_audio_plugin_client=1",
					"JUCE_MODULE_AVAILABLE_juce_audio_processors=1",
					"JUCE_MODULE_AVAILABLE_juce_audio_utils=1",
					"JUCE_MODULE_AVAILABLE_juce_core=1",
					"JUCE_MODULE_AVAILABLE_juce_data_structures=1",
					"JUCE_MODULE_AVAILABLE_juce_events=1",
					"JUCE_MODULE_AVAILABLE_juce_graphics=1",
					"JUCE_MODULE_AVAILABLE_juce_gui_basics=1",
					"JUCE_MODULE_AVAILABLE_juce_gui_extra=1",
					"JUCE_GLOBAL_MODULE_SETTINGS_INCLUDED=1",
					"JUCE_VST3_CAN_REPLACE_VST2=0",
					"JUCE_STRICT_REFCOUNTEDPOINTER=1",
					"JucePlugin_Build_VST=0",
					"JucePlugin_Build_VST3=1",
					"JucePlugin_Build_AU=0",
					"JucePlugin_Build_AUv3=0",
					"JucePlugin_Build_AAX=0",
					"JucePlugin_Build_Standalone=0",
					"JucePlugin_Build_Unity=0",
					"JucePlugin_Build_LV2=0",
					"JucePlugin_Enable_IAA=0",
					"JucePlugin_Enable_ARA=0",
					"JucePlugin_Name=\\\"Tutorial_1\\\"",
					"JucePlugin_Desc=\\\"Tutorial_1\\\"",
					"JucePlugin_Manufacturer=\\\"yourcompany\\\"",
					"JucePlugin_ManufacturerWebsite=\\\"www.yourcompany.com\\\"",
					"JucePlugin_ManufacturerEmail=\\\"\\\"",
					"JucePlugin_ManufacturerCode=0x4d616e75",
					"JucePlugin_PluginCode=0x54646e71",
					"JucePlugin_IsSynth=0",
					"JucePlugin_WantsMidiInput=0",
					"JucePlugin_ProducesMidiOutput=0",
					"JucePlugin_IsMidiEffect=0",
					"JucePlugin_EditorRequiresKeyboardFocus=0",
					"JucePlugin_Version=1.0.0",
					"JucePlugin_VersionCode=0x10000",
					"JucePlugin_VersionString=\\\"1.0.0\\\"",
					"JucePlugin_VSTUniqueID=JucePlugin_PluginCode",
					"JucePlugin_VSTCategory=kPlugCategEffect",
					"JucePlugin_Vst3Category=\\\"Fx\\\"",
					"JucePlugin_AUMainType=\\'aufx\\'",
					"JucePlugin_AUSubType=JucePlugin_PluginCode",
					"JucePlugin_AUExportPrefix=Tutorial_1AU",
					"JucePlugin_AUExportPrefixQuoted=\\\"Tutorial_1AU\\\"",
					"JucePlugin_AUManufacturerCode=JucePlugin_ManufacturerCode",
					"JucePlugin_CFBundleIdentifier=com.yourcompany.Tutorial_1",
					"JucePlugin_AAXIdentifier=com.yourcompany.Tutorial_1",
					"JucePlugin_AAXManufacturerCode=JucePlugin_ManufacturerCode",
					"JucePlugin_AAXProductId=JucePlugin_PluginCode",
					"JucePlugin_AAXCategory=0",
					"JucePlugin_AAXDisableBypass=0",
					"JucePlugin_AAXDisableMultiMono=0",
					"JucePlugin_IAAType=0x61757278",
					"JucePlugin_IAASubType=JucePlugin_PluginCode",
					"JucePlugin_IAAName=\\\"yourcompany:\\ Tutorial_1\\\"",
					"JucePlugin_VSTNumMidiInputs=16",
					"JucePlugin_VSTNumMidiOutputs=16",
					"JucePlugin_ARAContentTypes=0",
					"JucePlugin_ARATransformationFlags=0",
					"JucePlugin_ARAFactoryID=\\\"com.yourcompany.Tutorial_1.factory\\\"",
					"JucePlugin_ARADocumentArchiveID=\\\"com.yourcompany.Tutorial_1.aradocumentarchive.1.0.0\\\"",
					"JucePlugin_ARACompatibleArchiveIDs=\\\"\\\"",
					"JUCE_STANDALONE_APPLICATION=JucePlugin_Build_Standalone",
					"JUCER_XCODE_MAC_F6D2F4CF=1",
					"JUCE_APP_VERSION=1.0.0",
					"JUCE_APP_VERSION_HEX=0x10000",
				);
				GCC_VERSION = com.apple.compilers.llvm.clang.1_0;
				GENERATE_PKGINFO_FILE = YES;
				HEADER_SEARCH_PATHS = (
					"$(SRCROOT)/../../../../../../Downloads/JUCE-2/modules/juce_audio_processors/format_types/VST3_SDK",
					"/Users/alom/Downloads/VST_SDK",
					"$(SRCROOT)/../../JuceLibraryCode",
					"$(SRCROOT)/../../../../../../Downloads/JUCE-2/modules",
					"$(SRCROOT)/../../../../../../Downloads/JUCE-2/modules/juce_audio_plugin_client/AU",
					"$(inherited)",
				);
				INFOPLIST_FILE = Info-VST3.plist;
				INFOPLIST_PREPROCESS = NO;
				INSTALL_PATH = "$(HOME)/Library/Audio/Plug-Ins/VST3/";
				LIBRARY_STYLE = Bundle;
				LLVM_LTO = YES;
				MACOSX_DEPLOYMENT_TARGET = 10.13;
				MTL_HEADER_SEARCH_PATHS = "$(SRCROOT)/../../../../../../Downloads/JUCE-2/modules/juce_audio_processors/format_types/VST3_SDK /Users/alom/Downloads/VST_SDK $(SRCROOT)/../../JuceLibraryCode $(SRCROOT)/../../../../../../Downloads/JUCE-2/modules $(SRCROOT)/../../../../../../Downloads/JUCE-2/modules/juce_audio_plugin_client/AU";
				OTHER_LDFLAGS = "-bundle -lTutorial_1 -weak_framework Metal -weak_framework MetalKit";
				PRODUCT_BUNDLE_IDENTIFIER = com.yourcompany.Tutorial_1;
				PRODUCT_NAME = "Tutorial_1";
				USE_HEADERMAP = NO;
				VALID_ARCHS = "i386 x86_64 arm64 arm64e";
				WRAPPER_EXTENSION = vst3;
			};
			name = Release;
		};
		A2A2136EC9EB6E2C156E9965 /* Release */ = {
			isa = XCBuildConfiguration;
			buildSettings = {
				MACOSX_DEPLOYMENT_TARGET = 10.13;
				SDKROOT = macosx;
			};
			name = Release;
		};
		D842186756E33E2A4AE89C37 /* Debug */ = {
			isa = XCBuildConfiguration;
			buildSettings = {
				ALWAYS_SEARCH_USER_PATHS = NO;
				CLANG_ENABLE_OBJC_WEAK = YES;
				CLANG_WARN_BLOCK_CAPTURE_AUTORELEASING = YES;
				CLANG_WARN_BOOL_CONVERSION = YES;
				CLANG_WARN_COMMA = YES;
				CLANG_WARN_CONSTANT_CONVERSION = YES;
				CLANG_WARN_DEPRECATED_OBJC_IMPLEMENTATIONS = YES;
				CLANG_WARN_EMPTY_BODY = YES;
				CLANG_WARN_ENUM_CONVERSION = YES;
				CLANG_WARN_INFINITE_RECURSION = YES;
				CLANG_WARN_INT_CONVERSION = YES;
				CLANG_WARN_NON_LITERAL_NULL_CONVERSION = YES;
				CLANG_WARN_OBJC_IMPLICIT_RETAIN_SELF = YES;
				CLANG_WARN_OBJC_LITERAL_CONVERSION = YES;
				CLANG_WARN_RANGE_LOOP_ANALYSIS = YES;
				CLANG_WARN_STRICT_PROTOTYPES = YES;
				CLANG_WARN_SUSPICIOUS_MOVE = YES;
				CLANG_WARN_UNREACHABLE_CODE = YES;
				CLANG_WARN__DUPLICATE_METHOD_MATCH = YES;
				DEBUG_INFORMATION_FORMAT = dwarf;
				ENABLE_STRICT_OBJC_MSGSEND = YES;
				ENABLE_TESTABILITY = NO;
				GCC_C_LANGUAGE_STANDARD = c11;
				GCC_INLINES_ARE_PRIVATE_EXTERN = YES;
				GCC_MODEL_TUNING = G5;
				GCC_NO_COMMON_BLOCKS = YES;
				GCC_SYMBOLS_PRIVATE_EXTERN = YES;
				GCC_WARN_64_TO_32_BIT_CONVERSION = YES;
				GCC_WARN_ABOUT_RETURN_TYPE = YES;
				GCC_WARN_CHECK_SWITCH_STATEMENTS = YES;
				GCC_WARN_MISSING_PARENTHESES = YES;
				GCC_WARN_NON_VIRTUAL_DESTRUCTOR = YES;
				GCC_WARN_TYPECHECK_CALLS_TO_PRINTF = YES;
				GCC_WARN_UNDECLARED_SELECTOR = YES;
				GCC_WARN_UNINITIALIZED_AUTOS = YES;
				GCC_WARN_UNUSED_FUNCTION = YES;
				GCC_WARN_UNUSED_VARIABLE = YES;
				ONLY_ACTIVE_ARCH = YES;
				PRODUCT_NAME = "Tutorial_1";
				SDKROOT = macosx;
				WARNING_CFLAGS = "-Wreorder";
				ZERO_LINK = NO;
			};
			name = Debug;
		};
		DA52B4EB9D1265A7202BC8B5 /* Release */ = {
			isa = XCBuildConfiguration;
			buildSettings = {
				CLANG_CXX_LANGUAGE_STANDARD = "c++17";
				CLANG_CXX_LIBRARY = "libc++";
				CLANG_LINK_OBJC_RUNTIME = NO;
				COMBINE_HIDPI_IMAGES = YES;
				CONFIGURATION_BUILD_DIR = "$(PROJECT_DIR)/build/$(CONFIGURATION)";
				DEAD_CODE_STRIPPING = YES;
				EXCLUDED_ARCHS = "";
				GCC_GENERATE_DEBUGGING_SYMBOLS = NO;
				GCC_OPTIMIZATION_LEVEL = 3;
				GCC_PREPROCESSOR_DEFINITIONS = (
					"_NDEBUG=1",
					"NDEBUG=1",
					"JUCE_DISPLAY_SPLASH_SCREEN=0",
					"JUCE_USE_DARK_SPLASH_SCREEN=1",
					"JUCE_PROJUCER_VERSION=0x70003",
					"JUCE_MODULE_AVAILABLE_juce_audio_basics=1",
					"JUCE_MODULE_AVAILABLE_juce_audio_devices=1",
					"JUCE_MODULE_AVAILABLE_juce_audio_formats=1",
					"JUCE_MODULE_AVAILABLE_juce_audio_plugin_client=1",
					"JUCE_MODULE_AVAILABLE_juce_audio_processors=1",
					"JUCE_MODULE_AVAILABLE_juce_audio_utils=1",
					"JUCE_MODULE_AVAILABLE_juce_core=1",
					"JUCE_MODULE_AVAILABLE_juce_data_structures=1",
					"JUCE_MODULE_AVAILABLE_juce_events=1",
					"JUCE_MODULE_AVAILABLE_juce_graphics=1",
					"JUCE_MODULE_AVAILABLE_juce_gui_basics=1",
					"JUCE_MODULE_AVAILABLE_juce_gui_extra=1",
					"JUCE_GLOBAL_MODULE_SETTINGS_INCLUDED=1",
					"JUCE_VST3_CAN_REPLACE_VST2=0",
					"JUCE_STRICT_REFCOUNTEDPOINTER=1",
					"JucePlugin_Build_VST=0",
					"JucePlugin_Build_VST3=0",
					"JucePlugin_Build_AU=0",
					"JucePlugin_Build_AUv3=0",
					"JucePlugin_Build_AAX=0",
					"JucePlugin_Build_Standalone=1",
					"JucePlugin_Build_Unity=0",
					"JucePlugin_Build_LV2=0",
					"JucePlugin_Enable_IAA=0",
					"JucePlugin_Enable_ARA=0",
					"JucePlugin_Name=\\\"Tutorial_1\\\"",
					"JucePlugin_Desc=\\\"Tutorial_1\\\"",
					"JucePlugin_Manufacturer=\\\"yourcompany\\\"",
					"JucePlugin_ManufacturerWebsite=\\\"www.yourcompany.com\\\"",
					"JucePlugin_ManufacturerEmail=\\\"\\\"",
					"JucePlugin_ManufacturerCode=0x4d616e75",
					"JucePlugin_PluginCode=0x54646e71",
					"JucePlugin_IsSynth=0",
					"JucePlugin_WantsMidiInput=0",
					"JucePlugin_ProducesMidiOutput=0",
					"JucePlugin_IsMidiEffect=0",
					"JucePlugin_EditorRequiresKeyboardFocus=0",
					"JucePlugin_Version=1.0.0",
					"JucePlugin_VersionCode=0x10000",
					"JucePlugin_VersionString=\\\"1.0.0\\\"",
					"JucePlugin_VSTUniqueID=JucePlugin_PluginCode",
					"JucePlugin_VSTCategory=kPlugCategEffect",
					"JucePlugin_Vst3Category=\\\"Fx\\\"",
					"JucePlugin_AUMainType=\\'aufx\\'",
					"JucePlugin_AUSubType=JucePlugin_PluginCode",
					"JucePlugin_AUExportPrefix=Tutorial_1AU",
					"JucePlugin_AUExportPrefixQuoted=\\\"Tutorial_1AU\\\"",
					"JucePlugin_AUManufacturerCode=JucePlugin_ManufacturerCode",
					"JucePlugin_CFBundleIdentifier=com.yourcompany.Tutorial_1",
					"JucePlugin_AAXIdentifier=com.yourcompany.Tutorial_1",
					"JucePlugin_AAXManufacturerCode=JucePlugin_ManufacturerCode",
					"JucePlugin_AAXProductId=JucePlugin_PluginCode",
					"JucePlugin_AAXCategory=0",
					"JucePlugin_AAXDisableBypass=0",
					"JucePlugin_AAXDisableMultiMono=0",
					"JucePlugin_IAAType=0x61757278",
					"JucePlugin_IAASubType=JucePlugin_PluginCode",
					"JucePlugin_IAAName=\\\"yourcompany:\\ Tutorial_1\\\"",
					"JucePlugin_VSTNumMidiInputs=16",
					"JucePlugin_VSTNumMidiOutputs=16",
					"JucePlugin_ARAContentTypes=0",
					"JucePlugin_ARATransformationFlags=0",
					"JucePlugin_ARAFactoryID=\\\"com.yourcompany.Tutorial_1.factory\\\"",
					"JucePlugin_ARADocumentArchiveID=\\\"com.yourcompany.Tutorial_1.aradocumentarchive.1.0.0\\\"",
					"JucePlugin_ARACompatibleArchiveIDs=\\\"\\\"",
					"JUCE_STANDALONE_APPLICATION=JucePlugin_Build_Standalone",
					"JUCER_XCODE_MAC_F6D2F4CF=1",
					"JUCE_APP_VERSION=1.0.0",
					"JUCE_APP_VERSION_HEX=0x10000",
				);
				GCC_VERSION = com.apple.compilers.llvm.clang.1_0;
				HEADER_SEARCH_PATHS = (
					"$(SRCROOT)/../../../../../../Downloads/JUCE-2/modules/juce_audio_processors/format_types/VST3_SDK",
					"/Users/alom/Downloads/VST_SDK",
					"$(SRCROOT)/../../JuceLibraryCode",
					"$(SRCROOT)/../../../../../../Downloads/JUCE-2/modules",
					"$(SRCROOT)/../../../../../../Downloads/JUCE-2/modules/juce_audio_plugin_client/AU",
					"$(inherited)",
				);
				INFOPLIST_FILE = Info-Standalone_Plugin.plist;
				INFOPLIST_PREPROCESS = NO;
				LLVM_LTO = YES;
				MACOSX_DEPLOYMENT_TARGET = 10.13;
				MTL_HEADER_SEARCH_PATHS = "$(SRCROOT)/../../../../../../Downloads/JUCE-2/modules/juce_audio_processors/format_types/VST3_SDK /Users/alom/Downloads/VST_SDK $(SRCROOT)/../../JuceLibraryCode $(SRCROOT)/../../../../../../Downloads/JUCE-2/modules $(SRCROOT)/../../../../../../Downloads/JUCE-2/modules/juce_audio_plugin_client/AU";
				OTHER_LDFLAGS = "-lTutorial_1 -weak_framework Metal -weak_framework MetalKit";
				PRODUCT_BUNDLE_IDENTIFIER = com.yourcompany.Tutorial_1;
				PRODUCT_NAME = "Tutorial_1";
				USE_HEADERMAP = NO;
				VALID_ARCHS = "i386 x86_64 arm64 arm64e";
			};
			name = Release;
		};
		FE0C3B4D87CB7735E872A025 /* Debug */ = {
			isa = XCBuildConfiguration;
			buildSettings = {
				MACOSX_DEPLOYMENT_TARGET = 10.13;
				SDKROOT = macosx;
			};
			name = Debug;
		};
/* End XCBuildConfiguration section */

/* Begin XCConfigurationList section */
		142B79EB47B392381A173382 = {
			isa = XCConfigurationList;
			buildConfigurations = (
				3858ED6F886A7ABA9A9FB8B9,
				D842186756E33E2A4AE89C37,
			);
			defaultConfigurationIsVisible = 0;
			defaultConfigurationName = Debug;
		};
		5B29B958F6DB982A81677457 = {
			isa = XCConfigurationList;
			buildConfigurations = (
				674B4421306320B8A1892F33,
				88D2AAFEFA84FDD64C129270,
			);
			defaultConfigurationIsVisible = 0;
			defaultConfigurationName = Debug;
		};
		6CBBACEFA8AC522BB041CABA = {
			isa = XCConfigurationList;
			buildConfigurations = (
				041A84430166D4A53FCCA7D5,
				DA52B4EB9D1265A7202BC8B5,
			);
			defaultConfigurationIsVisible = 0;
			defaultConfigurationName = Debug;
		};
		98F72730AD8BC3CE73A2A764 = {
			isa = XCConfigurationList;
			buildConfigurations = (
				FE0C3B4D87CB7735E872A025,
				A2A2136EC9EB6E2C156E9965,
			);
			defaultConfigurationIsVisible = 0;
			defaultConfigurationName = Debug;
		};
		A08ABA4C107687474494969F = {
			isa = XCConfigurationList;
			buildConfigurations = (
				869505D11294F58BA385C5EF,
				76D32ACEA5E9A612D882AF86,
			);
			defaultConfigurationIsVisible = 0;
			defaultConfigurationName = Debug;
		};
		B71C83CC06247DE3E234530E = {
			isa = XCConfigurationList;
			buildConfigurations = (
				0618997473B2505798E26B37,
				75EE8A472F9B39ADAD28EE3C,
			);
			defaultConfigurationIsVisible = 0;
			defaultConfigurationName = Debug;
		};
/* End XCConfigurationList section */
	};
	rootObject = B69EDB62C57FBC4165CE44EB /* Project object */;
}
